Microsoft Visual Studio Solution File, Format Version 9.00
# Visual Studio 2005
Project("{8BC9CEB8-8B4A-11D0-8D11-00A0C91BC942}") = "OPAL Static", "src\win32\opal_lib_2005.vcproj", "{ED9CC7DA-08A6-4CB9-9783-F1C3799398D8}"
	ProjectSection(WebsiteProperties) = preProject
		Debug.AspNetCompiler.Debug = "True"
		Release.AspNetCompiler.Debug = "False"
	EndProjectSection
	ProjectSection(ProjectDependencies) = postProject
		{D11E1C9D-406C-4D7C-8F37-913C0BFD9E0D} = {D11E1C9D-406C-4D7C-8F37-913C0BFD9E0D}
	EndProjectSection
EndProject
Project("{8BC9CEB8-8B4A-11D0-8D11-00A0C91BC942}") = "Simple OPAL Static", "samples\simple\simple_2005.vcproj", "{F5F40674-6CBD-459A-A2AA-EB3C084EE879}"
	ProjectSection(WebsiteProperties) = preProject
		Debug.AspNetCompiler.Debug = "True"
		Release.AspNetCompiler.Debug = "False"
	EndProjectSection
EndProject
Project("{8BC9CEB8-8B4A-11D0-8D11-00A0C91BC942}") = "Simple OPAL DLL", "samples\simple\simpleDLL_2005.vcproj", "{282B78AF-C514-4077-91EB-7E55E198015E}"
	ProjectSection(WebsiteProperties) = preProject
		Debug.AspNetCompiler.Debug = "True"
		Release.AspNetCompiler.Debug = "False"
	EndProjectSection
	ProjectSection(ProjectDependencies) = postProject
		{85F4F26A-1A5D-4685-A48A-448102C5C5BC} = {85F4F26A-1A5D-4685-A48A-448102C5C5BC}
	EndProjectSection
EndProject
Project("{8BC9CEB8-8B4A-11D0-8D11-00A0C91BC942}") = "PTLib Static", "..\ptlib\src\ptlib\msos\Console_2005.vcproj", "{D11E1C9D-406C-4D7C-8F37-913C0BFD9E0D}"
	ProjectSection(WebsiteProperties) = preProject
		Debug.AspNetCompiler.Debug = "True"
		Release.AspNetCompiler.Debug = "False"
	EndProjectSection
EndProject
Project("{8BC9CEB8-8B4A-11D0-8D11-00A0C91BC942}") = "PTLib DLL", "..\ptlib\src\ptlib\msos\PTLib_2005.vcproj", "{85F4F26A-1A5D-4685-A48A-448102C5C5BC}"
	ProjectSection(WebsiteProperties) = preProject
		Debug.AspNetCompiler.Debug = "True"
		Release.AspNetCompiler.Debug = "False"
	EndProjectSection
EndProject
Project("{8BC9CEB8-8B4A-11D0-8D11-00A0C91BC942}") = "opalgw", "samples\opalgw\opalgw_2005.vcproj", "{48A0E613-0A49-4C11-900D-FDBBCA2B0591}"
	ProjectSection(WebsiteProperties) = preProject
		Debug.AspNetCompiler.Debug = "True"
		Release.AspNetCompiler.Debug = "False"
	EndProjectSection
EndProject
Project("{8BC9CEB8-8B4A-11D0-8D11-00A0C91BC942}") = "opalcodecinfo", "samples\opalcodecinfo\opalcodecinfo_2005.vcproj", "{7FF55F1C-87EB-4087-8814-FD494BE49170}"
	ProjectSection(WebsiteProperties) = preProject
		Debug.AspNetCompiler.Debug = "True"
		Release.AspNetCompiler.Debug = "False"
	EndProjectSection
EndProject
Project("{8BC9CEB8-8B4A-11D0-8D11-00A0C91BC942}") = "jester", "samples\jester\jester_2005.vcproj", "{B0FC0A67-6227-46CB-B92D-A5FF83EAE7B7}"
	ProjectSection(WebsiteProperties) = preProject
		Debug.AspNetCompiler.Debug = "True"
		Release.AspNetCompiler.Debug = "False"
	EndProjectSection
EndProject
Project("{8BC9CEB8-8B4A-11D0-8D11-00A0C91BC942}") = "mfc", "samples\mfc\mfc_2005.vcproj", "{F238251D-3CAE-4378-AD4C-F2A1236C3F6B}"
	ProjectSection(WebsiteProperties) = preProject
		Debug.AspNetCompiler.Debug = "True"
		Release.AspNetCompiler.Debug = "False"
	EndProjectSection
EndProject
Project("{8BC9CEB8-8B4A-11D0-8D11-00A0C91BC942}") = "CodecTest", "samples\codectest\codectest_2005.vcproj", "{7BCC8831-22E0-4D87-8E8B-F6DA0AEFBED0}"
	ProjectSection(WebsiteProperties) = preProject
		Debug.AspNetCompiler.Debug = "True"
		Release.AspNetCompiler.Debug = "False"
	EndProjectSection
EndProject
Project("{8BC9CEB8-8B4A-11D0-8D11-00A0C91BC942}") = "CallGen", "samples\callgen\callgen_2005.vcproj", "{23696513-8FEA-4B89-B8BF-ED0E9DEBE2EA}"
	ProjectSection(WebsiteProperties) = preProject
		Debug.AspNetCompiler.Debug = "True"
		Release.AspNetCompiler.Debug = "False"
	EndProjectSection
EndProject
Project("{8BC9CEB8-8B4A-11D0-8D11-00A0C91BC942}") = "PlayRTP", "samples\playrtp\playrtp_2005.vcproj", "{0FB8D668-0D31-4C4C-B01D-0F14E17259A7}"
	ProjectSection(WebsiteProperties) = preProject
		Debug.AspNetCompiler.Debug = "True"
		Release.AspNetCompiler.Debug = "False"
	EndProjectSection
EndProject
Project("{8BC9CEB8-8B4A-11D0-8D11-00A0C91BC942}") = "C Interface", "samples\c_api\c_api_2005.vcproj", "{966ED653-88B9-4B83-85F0-4104EDFC2BDE}"
	ProjectSection(WebsiteProperties) = preProject
		Debug.AspNetCompiler.Debug = "True"
		Release.AspNetCompiler.Debug = "False"
	EndProjectSection
EndProject
Project("{8BC9CEB8-8B4A-11D0-8D11-00A0C91BC942}") = "FaxOPAL", "samples\faxopal\FaxOPAL_2005.vcproj", "{FFC2C809-4DF4-41C1-9D51-3BA5D3506533}"
	ProjectSection(WebsiteProperties) = preProject
		Debug.AspNetCompiler.Debug = "True"
		Release.AspNetCompiler.Debug = "False"
	EndProjectSection
EndProject
Project("{8BC9CEB8-8B4A-11D0-8D11-00A0C91BC942}") = "IVR OPAL", "samples\ivropal\IvrOPAL_2005.vcproj", "{D7F92DDD-CA73-4E2F-8940-4E2D1C863D25}"
	ProjectSection(WebsiteProperties) = preProject
		Debug.AspNetCompiler.Debug = "True"
		Release.AspNetCompiler.Debug = "False"
	EndProjectSection
EndProject
Project("{8BC9CEB8-8B4A-11D0-8D11-00A0C91BC942}") = "sipim", "samples\sipim\sipim_2005.vcproj", "{D4F638A4-B109-4348-9247-FFC163676723}"
	ProjectSection(WebsiteProperties) = preProject
		Debug.AspNetCompiler.Debug = "True"
		Release.AspNetCompiler.Debug = "False"
	EndProjectSection
EndProject
Project("{8BC9CEB8-8B4A-11D0-8D11-00A0C91BC942}") = "OpenPhone", "samples\openphone\OpenPhone_2005.vcproj", "{56E04FF6-6AEB-4917-B8FC-6C0C1F5831F1}"
	ProjectSection(WebsiteProperties) = preProject
		Debug.AspNetCompiler.Debug = "True"
		Release.AspNetCompiler.Debug = "False"
	EndProjectSection
	ProjectSection(ProjectDependencies) = postProject
		{D11E1C9D-406C-4D7C-8F37-913C0BFD9E0D} = {D11E1C9D-406C-4D7C-8F37-913C0BFD9E0D}
		{ED9CC7DA-08A6-4CB9-9783-F1C3799398D8} = {ED9CC7DA-08A6-4CB9-9783-F1C3799398D8}
	EndProjectSection
EndProject
Project("{8BC9CEB8-8B4A-11D0-8D11-00A0C91BC942}") = "OPAL_dll", "src\win32\opal_dll_2005.vcproj", "{C7546C76-E010-4105-AEAE-48FCD6C09527}"
	ProjectSection(WebsiteProperties) = preProject
		Debug.AspNetCompiler.Debug = "True"
		Release.AspNetCompiler.Debug = "False"
	EndProjectSection
EndProject
Project("{8BC9CEB8-8B4A-11D0-8D11-00A0C91BC942}") = "opalecho", "samples\opalecho\opalecho_2005.vcproj", "{072F7820-710F-416A-A348-A4D1D023C72B}"
	ProjectSection(WebsiteProperties) = preProject
		Debug.AspNetCompiler.Debug = "True"
		Release.AspNetCompiler.Debug = "False"
	EndProjectSection
EndProject
Project("{8BC9CEB8-8B4A-11D0-8D11-00A0C91BC942}") = "OPAL MCU", "samples\opalmcu\OPAL_MCU_2005.vcproj", "{6C1D0918-6995-41C4-9068-6300F3E60D47}"
	ProjectSection(WebsiteProperties) = preProject
		Debug.AspNetCompiler.Debug = "True"
		Release.AspNetCompiler.Debug = "False"
	EndProjectSection
EndProject
Project("{8BC9CEB8-8B4A-11D0-8D11-00A0C91BC942}") = "testpresent", "samples\testpresent\testpresent_2005.vcproj", "{1650298C-5F43-47B8-974E-155D1FA0D672}"
	ProjectSection(WebsiteProperties) = preProject
		Debug.AspNetCompiler.Debug = "True"
		Release.AspNetCompiler.Debug = "False"
	EndProjectSection
EndProject
Global
	GlobalSection(SolutionConfigurationPlatforms) = preSolution
		Debug|Win32 = Debug|Win32
		Debug|Windows Mobile 5.0 Pocket PC SDK (ARMV4I) = Debug|Windows Mobile 5.0 Pocket PC SDK (ARMV4I)
		Debug|Windows Mobile 5.0 Smartphone SDK (ARMV4I) = Debug|Windows Mobile 5.0 Smartphone SDK (ARMV4I)
		Debug|Windows Mobile 6 Professional SDK (ARMV4I) = Debug|Windows Mobile 6 Professional SDK (ARMV4I)
		Debug|Windows Mobile 6 Standard SDK (ARMV4I) = Debug|Windows Mobile 6 Standard SDK (ARMV4I)
		No Trace|Win32 = No Trace|Win32
		No Trace|Windows Mobile 5.0 Pocket PC SDK (ARMV4I) = No Trace|Windows Mobile 5.0 Pocket PC SDK (ARMV4I)
		No Trace|Windows Mobile 5.0 Smartphone SDK (ARMV4I) = No Trace|Windows Mobile 5.0 Smartphone SDK (ARMV4I)
		No Trace|Windows Mobile 6 Professional SDK (ARMV4I) = No Trace|Windows Mobile 6 Professional SDK (ARMV4I)
		No Trace|Windows Mobile 6 Standard SDK (ARMV4I) = No Trace|Windows Mobile 6 Standard SDK (ARMV4I)
		Release|Win32 = Release|Win32
		Release|Windows Mobile 5.0 Pocket PC SDK (ARMV4I) = Release|Windows Mobile 5.0 Pocket PC SDK (ARMV4I)
		Release|Windows Mobile 5.0 Smartphone SDK (ARMV4I) = Release|Windows Mobile 5.0 Smartphone SDK (ARMV4I)
		Release|Windows Mobile 6 Professional SDK (ARMV4I) = Release|Windows Mobile 6 Professional SDK (ARMV4I)
		Release|Windows Mobile 6 Standard SDK (ARMV4I) = Release|Windows Mobile 6 Standard SDK (ARMV4I)
	EndGlobalSection
	GlobalSection(ProjectConfigurationPlatforms) = postSolution
		{ED9CC7DA-08A6-4CB9-9783-F1C3799398D8}.Debug|Win32.ActiveCfg = Debug|Win32
		{ED9CC7DA-08A6-4CB9-9783-F1C3799398D8}.Debug|Win32.Build.0 = Debug|Win32
		{ED9CC7DA-08A6-4CB9-9783-F1C3799398D8}.Debug|Windows Mobile 5.0 Pocket PC SDK (ARMV4I).ActiveCfg = Debug|Win32
		{ED9CC7DA-08A6-4CB9-9783-F1C3799398D8}.Debug|Windows Mobile 5.0 Smartphone SDK (ARMV4I).ActiveCfg = Debug|Win32
		{ED9CC7DA-08A6-4CB9-9783-F1C3799398D8}.Debug|Windows Mobile 6 Professional SDK (ARMV4I).ActiveCfg = Debug|Win32
		{ED9CC7DA-08A6-4CB9-9783-F1C3799398D8}.Debug|Windows Mobile 6 Standard SDK (ARMV4I).ActiveCfg = Debug|Win32
		{ED9CC7DA-08A6-4CB9-9783-F1C3799398D8}.No Trace|Win32.ActiveCfg = No Trace|Win32
		{ED9CC7DA-08A6-4CB9-9783-F1C3799398D8}.No Trace|Win32.Build.0 = No Trace|Win32
		{ED9CC7DA-08A6-4CB9-9783-F1C3799398D8}.No Trace|Windows Mobile 5.0 Pocket PC SDK (ARMV4I).ActiveCfg = No Trace|Win32
		{ED9CC7DA-08A6-4CB9-9783-F1C3799398D8}.No Trace|Windows Mobile 5.0 Smartphone SDK (ARMV4I).ActiveCfg = No Trace|Win32
		{ED9CC7DA-08A6-4CB9-9783-F1C3799398D8}.No Trace|Windows Mobile 6 Professional SDK (ARMV4I).ActiveCfg = No Trace|Win32
		{ED9CC7DA-08A6-4CB9-9783-F1C3799398D8}.No Trace|Windows Mobile 6 Standard SDK (ARMV4I).ActiveCfg = No Trace|Win32
		{ED9CC7DA-08A6-4CB9-9783-F1C3799398D8}.Release|Win32.ActiveCfg = Release|Win32
		{ED9CC7DA-08A6-4CB9-9783-F1C3799398D8}.Release|Win32.Build.0 = Release|Win32
		{ED9CC7DA-08A6-4CB9-9783-F1C3799398D8}.Release|Windows Mobile 5.0 Pocket PC SDK (ARMV4I).ActiveCfg = Release|Win32
		{ED9CC7DA-08A6-4CB9-9783-F1C3799398D8}.Release|Windows Mobile 5.0 Smartphone SDK (ARMV4I).ActiveCfg = Release|Win32
		{ED9CC7DA-08A6-4CB9-9783-F1C3799398D8}.Release|Windows Mobile 6 Professional SDK (ARMV4I).ActiveCfg = Release|Win32
		{ED9CC7DA-08A6-4CB9-9783-F1C3799398D8}.Release|Windows Mobile 6 Standard SDK (ARMV4I).ActiveCfg = Release|Win32
		{F5F40674-6CBD-459A-A2AA-EB3C084EE879}.Debug|Win32.ActiveCfg = Debug|Win32
		{F5F40674-6CBD-459A-A2AA-EB3C084EE879}.Debug|Win32.Build.0 = Debug|Win32
		{F5F40674-6CBD-459A-A2AA-EB3C084EE879}.Debug|Windows Mobile 5.0 Pocket PC SDK (ARMV4I).ActiveCfg = Debug|Windows Mobile 5.0 Pocket PC SDK (ARMV4I)
		{F5F40674-6CBD-459A-A2AA-EB3C084EE879}.Debug|Windows Mobile 5.0 Pocket PC SDK (ARMV4I).Build.0 = Debug|Windows Mobile 5.0 Pocket PC SDK (ARMV4I)
		{F5F40674-6CBD-459A-A2AA-EB3C084EE879}.Debug|Windows Mobile 5.0 Pocket PC SDK (ARMV4I).Deploy.0 = Debug|Windows Mobile 5.0 Pocket PC SDK (ARMV4I)
		{F5F40674-6CBD-459A-A2AA-EB3C084EE879}.Debug|Windows Mobile 5.0 Smartphone SDK (ARMV4I).ActiveCfg = Debug|Windows Mobile 5.0 Smartphone SDK (ARMV4I)
		{F5F40674-6CBD-459A-A2AA-EB3C084EE879}.Debug|Windows Mobile 5.0 Smartphone SDK (ARMV4I).Build.0 = Debug|Windows Mobile 5.0 Smartphone SDK (ARMV4I)
		{F5F40674-6CBD-459A-A2AA-EB3C084EE879}.Debug|Windows Mobile 5.0 Smartphone SDK (ARMV4I).Deploy.0 = Debug|Windows Mobile 5.0 Smartphone SDK (ARMV4I)
		{F5F40674-6CBD-459A-A2AA-EB3C084EE879}.Debug|Windows Mobile 6 Professional SDK (ARMV4I).ActiveCfg = Debug|Windows Mobile 6 Professional SDK (ARMV4I)
		{F5F40674-6CBD-459A-A2AA-EB3C084EE879}.Debug|Windows Mobile 6 Professional SDK (ARMV4I).Build.0 = Debug|Windows Mobile 6 Professional SDK (ARMV4I)
		{F5F40674-6CBD-459A-A2AA-EB3C084EE879}.Debug|Windows Mobile 6 Professional SDK (ARMV4I).Deploy.0 = Debug|Windows Mobile 6 Professional SDK (ARMV4I)
		{F5F40674-6CBD-459A-A2AA-EB3C084EE879}.Debug|Windows Mobile 6 Standard SDK (ARMV4I).ActiveCfg = Debug|Windows Mobile 6 Standard SDK (ARMV4I)
		{F5F40674-6CBD-459A-A2AA-EB3C084EE879}.Debug|Windows Mobile 6 Standard SDK (ARMV4I).Build.0 = Debug|Windows Mobile 6 Standard SDK (ARMV4I)
		{F5F40674-6CBD-459A-A2AA-EB3C084EE879}.Debug|Windows Mobile 6 Standard SDK (ARMV4I).Deploy.0 = Debug|Windows Mobile 6 Standard SDK (ARMV4I)
		{F5F40674-6CBD-459A-A2AA-EB3C084EE879}.No Trace|Win32.ActiveCfg = No Trace|Win32
		{F5F40674-6CBD-459A-A2AA-EB3C084EE879}.No Trace|Win32.Build.0 = No Trace|Win32
		{F5F40674-6CBD-459A-A2AA-EB3C084EE879}.No Trace|Windows Mobile 5.0 Pocket PC SDK (ARMV4I).ActiveCfg = No Trace|Windows Mobile 5.0 Pocket PC SDK (ARMV4I)
		{F5F40674-6CBD-459A-A2AA-EB3C084EE879}.No Trace|Windows Mobile 5.0 Pocket PC SDK (ARMV4I).Build.0 = No Trace|Windows Mobile 5.0 Pocket PC SDK (ARMV4I)
		{F5F40674-6CBD-459A-A2AA-EB3C084EE879}.No Trace|Windows Mobile 5.0 Pocket PC SDK (ARMV4I).Deploy.0 = No Trace|Windows Mobile 5.0 Pocket PC SDK (ARMV4I)
		{F5F40674-6CBD-459A-A2AA-EB3C084EE879}.No Trace|Windows Mobile 5.0 Smartphone SDK (ARMV4I).ActiveCfg = No Trace|Windows Mobile 5.0 Smartphone SDK (ARMV4I)
		{F5F40674-6CBD-459A-A2AA-EB3C084EE879}.No Trace|Windows Mobile 5.0 Smartphone SDK (ARMV4I).Build.0 = No Trace|Windows Mobile 5.0 Smartphone SDK (ARMV4I)
		{F5F40674-6CBD-459A-A2AA-EB3C084EE879}.No Trace|Windows Mobile 5.0 Smartphone SDK (ARMV4I).Deploy.0 = No Trace|Windows Mobile 5.0 Smartphone SDK (ARMV4I)
		{F5F40674-6CBD-459A-A2AA-EB3C084EE879}.No Trace|Windows Mobile 6 Professional SDK (ARMV4I).ActiveCfg = No Trace|Windows Mobile 6 Professional SDK (ARMV4I)
		{F5F40674-6CBD-459A-A2AA-EB3C084EE879}.No Trace|Windows Mobile 6 Professional SDK (ARMV4I).Build.0 = No Trace|Windows Mobile 6 Professional SDK (ARMV4I)
		{F5F40674-6CBD-459A-A2AA-EB3C084EE879}.No Trace|Windows Mobile 6 Professional SDK (ARMV4I).Deploy.0 = No Trace|Windows Mobile 6 Professional SDK (ARMV4I)
		{F5F40674-6CBD-459A-A2AA-EB3C084EE879}.No Trace|Windows Mobile 6 Standard SDK (ARMV4I).ActiveCfg = No Trace|Windows Mobile 6 Standard SDK (ARMV4I)
		{F5F40674-6CBD-459A-A2AA-EB3C084EE879}.No Trace|Windows Mobile 6 Standard SDK (ARMV4I).Build.0 = No Trace|Windows Mobile 6 Standard SDK (ARMV4I)
		{F5F40674-6CBD-459A-A2AA-EB3C084EE879}.No Trace|Windows Mobile 6 Standard SDK (ARMV4I).Deploy.0 = No Trace|Windows Mobile 6 Standard SDK (ARMV4I)
		{F5F40674-6CBD-459A-A2AA-EB3C084EE879}.Release|Win32.ActiveCfg = Release|Win32
		{F5F40674-6CBD-459A-A2AA-EB3C084EE879}.Release|Win32.Build.0 = Release|Win32
		{F5F40674-6CBD-459A-A2AA-EB3C084EE879}.Release|Windows Mobile 5.0 Pocket PC SDK (ARMV4I).ActiveCfg = Release|Windows Mobile 5.0 Pocket PC SDK (ARMV4I)
		{F5F40674-6CBD-459A-A2AA-EB3C084EE879}.Release|Windows Mobile 5.0 Pocket PC SDK (ARMV4I).Build.0 = Release|Windows Mobile 5.0 Pocket PC SDK (ARMV4I)
		{F5F40674-6CBD-459A-A2AA-EB3C084EE879}.Release|Windows Mobile 5.0 Pocket PC SDK (ARMV4I).Deploy.0 = Release|Windows Mobile 5.0 Pocket PC SDK (ARMV4I)
		{F5F40674-6CBD-459A-A2AA-EB3C084EE879}.Release|Windows Mobile 5.0 Smartphone SDK (ARMV4I).ActiveCfg = Release|Windows Mobile 5.0 Smartphone SDK (ARMV4I)
		{F5F40674-6CBD-459A-A2AA-EB3C084EE879}.Release|Windows Mobile 5.0 Smartphone SDK (ARMV4I).Build.0 = Release|Windows Mobile 5.0 Smartphone SDK (ARMV4I)
		{F5F40674-6CBD-459A-A2AA-EB3C084EE879}.Release|Windows Mobile 5.0 Smartphone SDK (ARMV4I).Deploy.0 = Release|Windows Mobile 5.0 Smartphone SDK (ARMV4I)
		{F5F40674-6CBD-459A-A2AA-EB3C084EE879}.Release|Windows Mobile 6 Professional SDK (ARMV4I).ActiveCfg = Release|Windows Mobile 6 Professional SDK (ARMV4I)
		{F5F40674-6CBD-459A-A2AA-EB3C084EE879}.Release|Windows Mobile 6 Professional SDK (ARMV4I).Build.0 = Release|Windows Mobile 6 Professional SDK (ARMV4I)
		{F5F40674-6CBD-459A-A2AA-EB3C084EE879}.Release|Windows Mobile 6 Professional SDK (ARMV4I).Deploy.0 = Release|Windows Mobile 6 Professional SDK (ARMV4I)
		{F5F40674-6CBD-459A-A2AA-EB3C084EE879}.Release|Windows Mobile 6 Standard SDK (ARMV4I).ActiveCfg = Release|Windows Mobile 6 Standard SDK (ARMV4I)
		{F5F40674-6CBD-459A-A2AA-EB3C084EE879}.Release|Windows Mobile 6 Standard SDK (ARMV4I).Build.0 = Release|Windows Mobile 6 Standard SDK (ARMV4I)
		{F5F40674-6CBD-459A-A2AA-EB3C084EE879}.Release|Windows Mobile 6 Standard SDK (ARMV4I).Deploy.0 = Release|Windows Mobile 6 Standard SDK (ARMV4I)
		{282B78AF-C514-4077-91EB-7E55E198015E}.Debug|Win32.ActiveCfg = Debug|Win32
		{282B78AF-C514-4077-91EB-7E55E198015E}.Debug|Win32.Build.0 = Debug|Win32
		{282B78AF-C514-4077-91EB-7E55E198015E}.Debug|Windows Mobile 5.0 Pocket PC SDK (ARMV4I).ActiveCfg = Debug|Windows Mobile 5.0 Pocket PC SDK (ARMV4I)
		{282B78AF-C514-4077-91EB-7E55E198015E}.Debug|Windows Mobile 5.0 Pocket PC SDK (ARMV4I).Build.0 = Debug|Windows Mobile 5.0 Pocket PC SDK (ARMV4I)
		{282B78AF-C514-4077-91EB-7E55E198015E}.Debug|Windows Mobile 5.0 Pocket PC SDK (ARMV4I).Deploy.0 = Debug|Windows Mobile 5.0 Pocket PC SDK (ARMV4I)
		{282B78AF-C514-4077-91EB-7E55E198015E}.Debug|Windows Mobile 5.0 Smartphone SDK (ARMV4I).ActiveCfg = Debug|Windows Mobile 5.0 Smartphone SDK (ARMV4I)
		{282B78AF-C514-4077-91EB-7E55E198015E}.Debug|Windows Mobile 5.0 Smartphone SDK (ARMV4I).Build.0 = Debug|Windows Mobile 5.0 Smartphone SDK (ARMV4I)
		{282B78AF-C514-4077-91EB-7E55E198015E}.Debug|Windows Mobile 5.0 Smartphone SDK (ARMV4I).Deploy.0 = Debug|Windows Mobile 5.0 Smartphone SDK (ARMV4I)
		{282B78AF-C514-4077-91EB-7E55E198015E}.Debug|Windows Mobile 6 Professional SDK (ARMV4I).ActiveCfg = Debug|Windows Mobile 6 Professional SDK (ARMV4I)
		{282B78AF-C514-4077-91EB-7E55E198015E}.Debug|Windows Mobile 6 Professional SDK (ARMV4I).Build.0 = Debug|Windows Mobile 6 Professional SDK (ARMV4I)
		{282B78AF-C514-4077-91EB-7E55E198015E}.Debug|Windows Mobile 6 Professional SDK (ARMV4I).Deploy.0 = Debug|Windows Mobile 6 Professional SDK (ARMV4I)
		{282B78AF-C514-4077-91EB-7E55E198015E}.Debug|Windows Mobile 6 Standard SDK (ARMV4I).ActiveCfg = Debug|Windows Mobile 6 Standard SDK (ARMV4I)
		{282B78AF-C514-4077-91EB-7E55E198015E}.Debug|Windows Mobile 6 Standard SDK (ARMV4I).Build.0 = Debug|Windows Mobile 6 Standard SDK (ARMV4I)
		{282B78AF-C514-4077-91EB-7E55E198015E}.Debug|Windows Mobile 6 Standard SDK (ARMV4I).Deploy.0 = Debug|Windows Mobile 6 Standard SDK (ARMV4I)
		{282B78AF-C514-4077-91EB-7E55E198015E}.No Trace|Win32.ActiveCfg = No Trace|Win32
		{282B78AF-C514-4077-91EB-7E55E198015E}.No Trace|Win32.Build.0 = No Trace|Win32
		{282B78AF-C514-4077-91EB-7E55E198015E}.No Trace|Windows Mobile 5.0 Pocket PC SDK (ARMV4I).ActiveCfg = No Trace|Windows Mobile 5.0 Pocket PC SDK (ARMV4I)
		{282B78AF-C514-4077-91EB-7E55E198015E}.No Trace|Windows Mobile 5.0 Pocket PC SDK (ARMV4I).Build.0 = No Trace|Windows Mobile 5.0 Pocket PC SDK (ARMV4I)
		{282B78AF-C514-4077-91EB-7E55E198015E}.No Trace|Windows Mobile 5.0 Pocket PC SDK (ARMV4I).Deploy.0 = No Trace|Windows Mobile 5.0 Pocket PC SDK (ARMV4I)
		{282B78AF-C514-4077-91EB-7E55E198015E}.No Trace|Windows Mobile 5.0 Smartphone SDK (ARMV4I).ActiveCfg = No Trace|Windows Mobile 5.0 Smartphone SDK (ARMV4I)
		{282B78AF-C514-4077-91EB-7E55E198015E}.No Trace|Windows Mobile 5.0 Smartphone SDK (ARMV4I).Build.0 = No Trace|Windows Mobile 5.0 Smartphone SDK (ARMV4I)
		{282B78AF-C514-4077-91EB-7E55E198015E}.No Trace|Windows Mobile 5.0 Smartphone SDK (ARMV4I).Deploy.0 = No Trace|Windows Mobile 5.0 Smartphone SDK (ARMV4I)
		{282B78AF-C514-4077-91EB-7E55E198015E}.No Trace|Windows Mobile 6 Professional SDK (ARMV4I).ActiveCfg = No Trace|Windows Mobile 6 Professional SDK (ARMV4I)
		{282B78AF-C514-4077-91EB-7E55E198015E}.No Trace|Windows Mobile 6 Professional SDK (ARMV4I).Build.0 = No Trace|Windows Mobile 6 Professional SDK (ARMV4I)
		{282B78AF-C514-4077-91EB-7E55E198015E}.No Trace|Windows Mobile 6 Professional SDK (ARMV4I).Deploy.0 = No Trace|Windows Mobile 6 Professional SDK (ARMV4I)
		{282B78AF-C514-4077-91EB-7E55E198015E}.No Trace|Windows Mobile 6 Standard SDK (ARMV4I).ActiveCfg = No Trace|Windows Mobile 6 Standard SDK (ARMV4I)
		{282B78AF-C514-4077-91EB-7E55E198015E}.No Trace|Windows Mobile 6 Standard SDK (ARMV4I).Build.0 = No Trace|Windows Mobile 6 Standard SDK (ARMV4I)
		{282B78AF-C514-4077-91EB-7E55E198015E}.No Trace|Windows Mobile 6 Standard SDK (ARMV4I).Deploy.0 = No Trace|Windows Mobile 6 Standard SDK (ARMV4I)
		{282B78AF-C514-4077-91EB-7E55E198015E}.Release|Win32.ActiveCfg = Release|Win32
		{282B78AF-C514-4077-91EB-7E55E198015E}.Release|Win32.Build.0 = Release|Win32
		{282B78AF-C514-4077-91EB-7E55E198015E}.Release|Windows Mobile 5.0 Pocket PC SDK (ARMV4I).ActiveCfg = Release|Windows Mobile 5.0 Pocket PC SDK (ARMV4I)
		{282B78AF-C514-4077-91EB-7E55E198015E}.Release|Windows Mobile 5.0 Pocket PC SDK (ARMV4I).Build.0 = Release|Windows Mobile 5.0 Pocket PC SDK (ARMV4I)
		{282B78AF-C514-4077-91EB-7E55E198015E}.Release|Windows Mobile 5.0 Pocket PC SDK (ARMV4I).Deploy.0 = Release|Windows Mobile 5.0 Pocket PC SDK (ARMV4I)
		{282B78AF-C514-4077-91EB-7E55E198015E}.Release|Windows Mobile 5.0 Smartphone SDK (ARMV4I).ActiveCfg = Release|Windows Mobile 5.0 Smartphone SDK (ARMV4I)
		{282B78AF-C514-4077-91EB-7E55E198015E}.Release|Windows Mobile 5.0 Smartphone SDK (ARMV4I).Build.0 = Release|Windows Mobile 5.0 Smartphone SDK (ARMV4I)
		{282B78AF-C514-4077-91EB-7E55E198015E}.Release|Windows Mobile 5.0 Smartphone SDK (ARMV4I).Deploy.0 = Release|Windows Mobile 5.0 Smartphone SDK (ARMV4I)
		{282B78AF-C514-4077-91EB-7E55E198015E}.Release|Windows Mobile 6 Professional SDK (ARMV4I).ActiveCfg = Release|Windows Mobile 6 Professional SDK (ARMV4I)
		{282B78AF-C514-4077-91EB-7E55E198015E}.Release|Windows Mobile 6 Professional SDK (ARMV4I).Build.0 = Release|Windows Mobile 6 Professional SDK (ARMV4I)
		{282B78AF-C514-4077-91EB-7E55E198015E}.Release|Windows Mobile 6 Professional SDK (ARMV4I).Deploy.0 = Release|Windows Mobile 6 Professional SDK (ARMV4I)
		{282B78AF-C514-4077-91EB-7E55E198015E}.Release|Windows Mobile 6 Standard SDK (ARMV4I).ActiveCfg = Release|Windows Mobile 6 Standard SDK (ARMV4I)
		{282B78AF-C514-4077-91EB-7E55E198015E}.Release|Windows Mobile 6 Standard SDK (ARMV4I).Build.0 = Release|Windows Mobile 6 Standard SDK (ARMV4I)
		{282B78AF-C514-4077-91EB-7E55E198015E}.Release|Windows Mobile 6 Standard SDK (ARMV4I).Deploy.0 = Release|Windows Mobile 6 Standard SDK (ARMV4I)
		{D11E1C9D-406C-4D7C-8F37-913C0BFD9E0D}.Debug|Win32.ActiveCfg = Debug|Win32
		{D11E1C9D-406C-4D7C-8F37-913C0BFD9E0D}.Debug|Win32.Build.0 = Debug|Win32
		{D11E1C9D-406C-4D7C-8F37-913C0BFD9E0D}.Debug|Windows Mobile 5.0 Pocket PC SDK (ARMV4I).ActiveCfg = Debug|Windows Mobile 5.0 Pocket PC SDK (ARMV4I)
		{D11E1C9D-406C-4D7C-8F37-913C0BFD9E0D}.Debug|Windows Mobile 5.0 Pocket PC SDK (ARMV4I).Build.0 = Debug|Windows Mobile 5.0 Pocket PC SDK (ARMV4I)
		{D11E1C9D-406C-4D7C-8F37-913C0BFD9E0D}.Debug|Windows Mobile 5.0 Pocket PC SDK (ARMV4I).Deploy.0 = Debug|Windows Mobile 5.0 Pocket PC SDK (ARMV4I)
		{D11E1C9D-406C-4D7C-8F37-913C0BFD9E0D}.Debug|Windows Mobile 5.0 Smartphone SDK (ARMV4I).ActiveCfg = Debug|Windows Mobile 5.0 Smartphone SDK (ARMV4I)
		{D11E1C9D-406C-4D7C-8F37-913C0BFD9E0D}.Debug|Windows Mobile 5.0 Smartphone SDK (ARMV4I).Build.0 = Debug|Windows Mobile 5.0 Smartphone SDK (ARMV4I)
		{D11E1C9D-406C-4D7C-8F37-913C0BFD9E0D}.Debug|Windows Mobile 5.0 Smartphone SDK (ARMV4I).Deploy.0 = Debug|Windows Mobile 5.0 Smartphone SDK (ARMV4I)
		{D11E1C9D-406C-4D7C-8F37-913C0BFD9E0D}.Debug|Windows Mobile 6 Professional SDK (ARMV4I).ActiveCfg = Debug|Windows Mobile 6 Professional SDK (ARMV4I)
		{D11E1C9D-406C-4D7C-8F37-913C0BFD9E0D}.Debug|Windows Mobile 6 Professional SDK (ARMV4I).Build.0 = Debug|Windows Mobile 6 Professional SDK (ARMV4I)
		{D11E1C9D-406C-4D7C-8F37-913C0BFD9E0D}.Debug|Windows Mobile 6 Professional SDK (ARMV4I).Deploy.0 = Debug|Windows Mobile 6 Professional SDK (ARMV4I)
		{D11E1C9D-406C-4D7C-8F37-913C0BFD9E0D}.Debug|Windows Mobile 6 Standard SDK (ARMV4I).ActiveCfg = Debug|Windows Mobile 6 Standard SDK (ARMV4I)
		{D11E1C9D-406C-4D7C-8F37-913C0BFD9E0D}.Debug|Windows Mobile 6 Standard SDK (ARMV4I).Build.0 = Debug|Windows Mobile 6 Standard SDK (ARMV4I)
		{D11E1C9D-406C-4D7C-8F37-913C0BFD9E0D}.Debug|Windows Mobile 6 Standard SDK (ARMV4I).Deploy.0 = Debug|Windows Mobile 6 Standard SDK (ARMV4I)
		{D11E1C9D-406C-4D7C-8F37-913C0BFD9E0D}.No Trace|Win32.ActiveCfg = No Trace|Win32
		{D11E1C9D-406C-4D7C-8F37-913C0BFD9E0D}.No Trace|Win32.Build.0 = No Trace|Win32
		{D11E1C9D-406C-4D7C-8F37-913C0BFD9E0D}.No Trace|Windows Mobile 5.0 Pocket PC SDK (ARMV4I).ActiveCfg = No Trace|Windows Mobile 5.0 Pocket PC SDK (ARMV4I)
		{D11E1C9D-406C-4D7C-8F37-913C0BFD9E0D}.No Trace|Windows Mobile 5.0 Pocket PC SDK (ARMV4I).Build.0 = No Trace|Windows Mobile 5.0 Pocket PC SDK (ARMV4I)
		{D11E1C9D-406C-4D7C-8F37-913C0BFD9E0D}.No Trace|Windows Mobile 5.0 Pocket PC SDK (ARMV4I).Deploy.0 = No Trace|Windows Mobile 5.0 Pocket PC SDK (ARMV4I)
		{D11E1C9D-406C-4D7C-8F37-913C0BFD9E0D}.No Trace|Windows Mobile 5.0 Smartphone SDK (ARMV4I).ActiveCfg = No Trace|Windows Mobile 5.0 Smartphone SDK (ARMV4I)
		{D11E1C9D-406C-4D7C-8F37-913C0BFD9E0D}.No Trace|Windows Mobile 5.0 Smartphone SDK (ARMV4I).Build.0 = No Trace|Windows Mobile 5.0 Smartphone SDK (ARMV4I)
		{D11E1C9D-406C-4D7C-8F37-913C0BFD9E0D}.No Trace|Windows Mobile 5.0 Smartphone SDK (ARMV4I).Deploy.0 = No Trace|Windows Mobile 5.0 Smartphone SDK (ARMV4I)
		{D11E1C9D-406C-4D7C-8F37-913C0BFD9E0D}.No Trace|Windows Mobile 6 Professional SDK (ARMV4I).ActiveCfg = No Trace|Windows Mobile 6 Professional SDK (ARMV4I)
		{D11E1C9D-406C-4D7C-8F37-913C0BFD9E0D}.No Trace|Windows Mobile 6 Professional SDK (ARMV4I).Build.0 = No Trace|Windows Mobile 6 Professional SDK (ARMV4I)
		{D11E1C9D-406C-4D7C-8F37-913C0BFD9E0D}.No Trace|Windows Mobile 6 Professional SDK (ARMV4I).Deploy.0 = No Trace|Windows Mobile 6 Professional SDK (ARMV4I)
		{D11E1C9D-406C-4D7C-8F37-913C0BFD9E0D}.No Trace|Windows Mobile 6 Standard SDK (ARMV4I).ActiveCfg = No Trace|Windows Mobile 6 Standard SDK (ARMV4I)
		{D11E1C9D-406C-4D7C-8F37-913C0BFD9E0D}.No Trace|Windows Mobile 6 Standard SDK (ARMV4I).Build.0 = No Trace|Windows Mobile 6 Standard SDK (ARMV4I)
		{D11E1C9D-406C-4D7C-8F37-913C0BFD9E0D}.No Trace|Windows Mobile 6 Standard SDK (ARMV4I).Deploy.0 = No Trace|Windows Mobile 6 Standard SDK (ARMV4I)
		{D11E1C9D-406C-4D7C-8F37-913C0BFD9E0D}.Release|Win32.ActiveCfg = Release|Win32
		{D11E1C9D-406C-4D7C-8F37-913C0BFD9E0D}.Release|Win32.Build.0 = Release|Win32
		{D11E1C9D-406C-4D7C-8F37-913C0BFD9E0D}.Release|Windows Mobile 5.0 Pocket PC SDK (ARMV4I).ActiveCfg = Release|Windows Mobile 5.0 Pocket PC SDK (ARMV4I)
		{D11E1C9D-406C-4D7C-8F37-913C0BFD9E0D}.Release|Windows Mobile 5.0 Pocket PC SDK (ARMV4I).Build.0 = Release|Windows Mobile 5.0 Pocket PC SDK (ARMV4I)
		{D11E1C9D-406C-4D7C-8F37-913C0BFD9E0D}.Release|Windows Mobile 5.0 Pocket PC SDK (ARMV4I).Deploy.0 = Release|Windows Mobile 5.0 Pocket PC SDK (ARMV4I)
		{D11E1C9D-406C-4D7C-8F37-913C0BFD9E0D}.Release|Windows Mobile 5.0 Smartphone SDK (ARMV4I).ActiveCfg = Release|Windows Mobile 5.0 Smartphone SDK (ARMV4I)
		{D11E1C9D-406C-4D7C-8F37-913C0BFD9E0D}.Release|Windows Mobile 5.0 Smartphone SDK (ARMV4I).Build.0 = Release|Windows Mobile 5.0 Smartphone SDK (ARMV4I)
		{D11E1C9D-406C-4D7C-8F37-913C0BFD9E0D}.Release|Windows Mobile 5.0 Smartphone SDK (ARMV4I).Deploy.0 = Release|Windows Mobile 5.0 Smartphone SDK (ARMV4I)
		{D11E1C9D-406C-4D7C-8F37-913C0BFD9E0D}.Release|Windows Mobile 6 Professional SDK (ARMV4I).ActiveCfg = Release|Windows Mobile 6 Professional SDK (ARMV4I)
		{D11E1C9D-406C-4D7C-8F37-913C0BFD9E0D}.Release|Windows Mobile 6 Professional SDK (ARMV4I).Build.0 = Release|Windows Mobile 6 Professional SDK (ARMV4I)
		{D11E1C9D-406C-4D7C-8F37-913C0BFD9E0D}.Release|Windows Mobile 6 Professional SDK (ARMV4I).Deploy.0 = Release|Windows Mobile 6 Professional SDK (ARMV4I)
		{D11E1C9D-406C-4D7C-8F37-913C0BFD9E0D}.Release|Windows Mobile 6 Standard SDK (ARMV4I).ActiveCfg = Release|Windows Mobile 6 Standard SDK (ARMV4I)
		{D11E1C9D-406C-4D7C-8F37-913C0BFD9E0D}.Release|Windows Mobile 6 Standard SDK (ARMV4I).Build.0 = Release|Windows Mobile 6 Standard SDK (ARMV4I)
		{D11E1C9D-406C-4D7C-8F37-913C0BFD9E0D}.Release|Windows Mobile 6 Standard SDK (ARMV4I).Deploy.0 = Release|Windows Mobile 6 Standard SDK (ARMV4I)
		{85F4F26A-1A5D-4685-A48A-448102C5C5BC}.Debug|Win32.ActiveCfg = Debug|Win32
		{85F4F26A-1A5D-4685-A48A-448102C5C5BC}.Debug|Win32.Build.0 = Debug|Win32
		{85F4F26A-1A5D-4685-A48A-448102C5C5BC}.Debug|Windows Mobile 5.0 Pocket PC SDK (ARMV4I).ActiveCfg = Debug|Windows Mobile 5.0 Pocket PC SDK (ARMV4I)
		{85F4F26A-1A5D-4685-A48A-448102C5C5BC}.Debug|Windows Mobile 5.0 Pocket PC SDK (ARMV4I).Build.0 = Debug|Windows Mobile 5.0 Pocket PC SDK (ARMV4I)
		{85F4F26A-1A5D-4685-A48A-448102C5C5BC}.Debug|Windows Mobile 5.0 Pocket PC SDK (ARMV4I).Deploy.0 = Debug|Windows Mobile 5.0 Pocket PC SDK (ARMV4I)
		{85F4F26A-1A5D-4685-A48A-448102C5C5BC}.Debug|Windows Mobile 5.0 Smartphone SDK (ARMV4I).ActiveCfg = Debug|Windows Mobile 5.0 Smartphone SDK (ARMV4I)
		{85F4F26A-1A5D-4685-A48A-448102C5C5BC}.Debug|Windows Mobile 5.0 Smartphone SDK (ARMV4I).Build.0 = Debug|Windows Mobile 5.0 Smartphone SDK (ARMV4I)
		{85F4F26A-1A5D-4685-A48A-448102C5C5BC}.Debug|Windows Mobile 5.0 Smartphone SDK (ARMV4I).Deploy.0 = Debug|Windows Mobile 5.0 Smartphone SDK (ARMV4I)
		{85F4F26A-1A5D-4685-A48A-448102C5C5BC}.Debug|Windows Mobile 6 Professional SDK (ARMV4I).ActiveCfg = Debug|Windows Mobile 6 Professional SDK (ARMV4I)
		{85F4F26A-1A5D-4685-A48A-448102C5C5BC}.Debug|Windows Mobile 6 Professional SDK (ARMV4I).Build.0 = Debug|Windows Mobile 6 Professional SDK (ARMV4I)
		{85F4F26A-1A5D-4685-A48A-448102C5C5BC}.Debug|Windows Mobile 6 Professional SDK (ARMV4I).Deploy.0 = Debug|Windows Mobile 6 Professional SDK (ARMV4I)
		{85F4F26A-1A5D-4685-A48A-448102C5C5BC}.Debug|Windows Mobile 6 Standard SDK (ARMV4I).ActiveCfg = Debug|Windows Mobile 6 Standard SDK (ARMV4I)
		{85F4F26A-1A5D-4685-A48A-448102C5C5BC}.Debug|Windows Mobile 6 Standard SDK (ARMV4I).Build.0 = Debug|Windows Mobile 6 Standard SDK (ARMV4I)
		{85F4F26A-1A5D-4685-A48A-448102C5C5BC}.Debug|Windows Mobile 6 Standard SDK (ARMV4I).Deploy.0 = Debug|Windows Mobile 6 Standard SDK (ARMV4I)
		{85F4F26A-1A5D-4685-A48A-448102C5C5BC}.No Trace|Win32.ActiveCfg = No Trace|Win32
		{85F4F26A-1A5D-4685-A48A-448102C5C5BC}.No Trace|Win32.Build.0 = No Trace|Win32
		{85F4F26A-1A5D-4685-A48A-448102C5C5BC}.No Trace|Windows Mobile 5.0 Pocket PC SDK (ARMV4I).ActiveCfg = No Trace|Windows Mobile 5.0 Pocket PC SDK (ARMV4I)
		{85F4F26A-1A5D-4685-A48A-448102C5C5BC}.No Trace|Windows Mobile 5.0 Pocket PC SDK (ARMV4I).Build.0 = No Trace|Windows Mobile 5.0 Pocket PC SDK (ARMV4I)
		{85F4F26A-1A5D-4685-A48A-448102C5C5BC}.No Trace|Windows Mobile 5.0 Pocket PC SDK (ARMV4I).Deploy.0 = No Trace|Windows Mobile 5.0 Pocket PC SDK (ARMV4I)
		{85F4F26A-1A5D-4685-A48A-448102C5C5BC}.No Trace|Windows Mobile 5.0 Smartphone SDK (ARMV4I).ActiveCfg = No Trace|Windows Mobile 5.0 Smartphone SDK (ARMV4I)
		{85F4F26A-1A5D-4685-A48A-448102C5C5BC}.No Trace|Windows Mobile 5.0 Smartphone SDK (ARMV4I).Build.0 = No Trace|Windows Mobile 5.0 Smartphone SDK (ARMV4I)
		{85F4F26A-1A5D-4685-A48A-448102C5C5BC}.No Trace|Windows Mobile 5.0 Smartphone SDK (ARMV4I).Deploy.0 = No Trace|Windows Mobile 5.0 Smartphone SDK (ARMV4I)
		{85F4F26A-1A5D-4685-A48A-448102C5C5BC}.No Trace|Windows Mobile 6 Professional SDK (ARMV4I).ActiveCfg = No Trace|Windows Mobile 6 Professional SDK (ARMV4I)
		{85F4F26A-1A5D-4685-A48A-448102C5C5BC}.No Trace|Windows Mobile 6 Professional SDK (ARMV4I).Build.0 = No Trace|Windows Mobile 6 Professional SDK (ARMV4I)
		{85F4F26A-1A5D-4685-A48A-448102C5C5BC}.No Trace|Windows Mobile 6 Professional SDK (ARMV4I).Deploy.0 = No Trace|Windows Mobile 6 Professional SDK (ARMV4I)
		{85F4F26A-1A5D-4685-A48A-448102C5C5BC}.No Trace|Windows Mobile 6 Standard SDK (ARMV4I).ActiveCfg = No Trace|Windows Mobile 6 Standard SDK (ARMV4I)
		{85F4F26A-1A5D-4685-A48A-448102C5C5BC}.No Trace|Windows Mobile 6 Standard SDK (ARMV4I).Build.0 = No Trace|Windows Mobile 6 Standard SDK (ARMV4I)
		{85F4F26A-1A5D-4685-A48A-448102C5C5BC}.No Trace|Windows Mobile 6 Standard SDK (ARMV4I).Deploy.0 = No Trace|Windows Mobile 6 Standard SDK (ARMV4I)
		{85F4F26A-1A5D-4685-A48A-448102C5C5BC}.Release|Win32.ActiveCfg = Release|Win32
		{85F4F26A-1A5D-4685-A48A-448102C5C5BC}.Release|Win32.Build.0 = Release|Win32
		{85F4F26A-1A5D-4685-A48A-448102C5C5BC}.Release|Windows Mobile 5.0 Pocket PC SDK (ARMV4I).ActiveCfg = Release|Windows Mobile 5.0 Pocket PC SDK (ARMV4I)
		{85F4F26A-1A5D-4685-A48A-448102C5C5BC}.Release|Windows Mobile 5.0 Pocket PC SDK (ARMV4I).Build.0 = Release|Windows Mobile 5.0 Pocket PC SDK (ARMV4I)
		{85F4F26A-1A5D-4685-A48A-448102C5C5BC}.Release|Windows Mobile 5.0 Pocket PC SDK (ARMV4I).Deploy.0 = Release|Windows Mobile 5.0 Pocket PC SDK (ARMV4I)
		{85F4F26A-1A5D-4685-A48A-448102C5C5BC}.Release|Windows Mobile 5.0 Smartphone SDK (ARMV4I).ActiveCfg = Release|Windows Mobile 5.0 Smartphone SDK (ARMV4I)
		{85F4F26A-1A5D-4685-A48A-448102C5C5BC}.Release|Windows Mobile 5.0 Smartphone SDK (ARMV4I).Build.0 = Release|Windows Mobile 5.0 Smartphone SDK (ARMV4I)
		{85F4F26A-1A5D-4685-A48A-448102C5C5BC}.Release|Windows Mobile 5.0 Smartphone SDK (ARMV4I).Deploy.0 = Release|Windows Mobile 5.0 Smartphone SDK (ARMV4I)
		{85F4F26A-1A5D-4685-A48A-448102C5C5BC}.Release|Windows Mobile 6 Professional SDK (ARMV4I).ActiveCfg = Release|Windows Mobile 6 Professional SDK (ARMV4I)
		{85F4F26A-1A5D-4685-A48A-448102C5C5BC}.Release|Windows Mobile 6 Professional SDK (ARMV4I).Build.0 = Release|Windows Mobile 6 Professional SDK (ARMV4I)
		{85F4F26A-1A5D-4685-A48A-448102C5C5BC}.Release|Windows Mobile 6 Professional SDK (ARMV4I).Deploy.0 = Release|Windows Mobile 6 Professional SDK (ARMV4I)
		{85F4F26A-1A5D-4685-A48A-448102C5C5BC}.Release|Windows Mobile 6 Standard SDK (ARMV4I).ActiveCfg = Release|Windows Mobile 6 Standard SDK (ARMV4I)
		{85F4F26A-1A5D-4685-A48A-448102C5C5BC}.Release|Windows Mobile 6 Standard SDK (ARMV4I).Build.0 = Release|Windows Mobile 6 Standard SDK (ARMV4I)
		{85F4F26A-1A5D-4685-A48A-448102C5C5BC}.Release|Windows Mobile 6 Standard SDK (ARMV4I).Deploy.0 = Release|Windows Mobile 6 Standard SDK (ARMV4I)
		{48A0E613-0A49-4C11-900D-FDBBCA2B0591}.Debug|Win32.ActiveCfg = Debug|Win32
		{48A0E613-0A49-4C11-900D-FDBBCA2B0591}.Debug|Win32.Build.0 = Debug|Win32
		{48A0E613-0A49-4C11-900D-FDBBCA2B0591}.Debug|Windows Mobile 5.0 Pocket PC SDK (ARMV4I).ActiveCfg = Debug|Win32
		{48A0E613-0A49-4C11-900D-FDBBCA2B0591}.Debug|Windows Mobile 5.0 Smartphone SDK (ARMV4I).ActiveCfg = Debug|Win32
		{48A0E613-0A49-4C11-900D-FDBBCA2B0591}.Debug|Windows Mobile 6 Professional SDK (ARMV4I).ActiveCfg = Debug|Win32
		{48A0E613-0A49-4C11-900D-FDBBCA2B0591}.Debug|Windows Mobile 6 Standard SDK (ARMV4I).ActiveCfg = Debug|Win32
		{48A0E613-0A49-4C11-900D-FDBBCA2B0591}.No Trace|Win32.ActiveCfg = Release|Win32
		{48A0E613-0A49-4C11-900D-FDBBCA2B0591}.No Trace|Windows Mobile 5.0 Pocket PC SDK (ARMV4I).ActiveCfg = Debug|Win32
		{48A0E613-0A49-4C11-900D-FDBBCA2B0591}.No Trace|Windows Mobile 5.0 Smartphone SDK (ARMV4I).ActiveCfg = Debug|Win32
		{48A0E613-0A49-4C11-900D-FDBBCA2B0591}.No Trace|Windows Mobile 6 Professional SDK (ARMV4I).ActiveCfg = Debug|Win32
		{48A0E613-0A49-4C11-900D-FDBBCA2B0591}.No Trace|Windows Mobile 6 Standard SDK (ARMV4I).ActiveCfg = Debug|Win32
		{48A0E613-0A49-4C11-900D-FDBBCA2B0591}.Release|Win32.ActiveCfg = Release|Win32
		{48A0E613-0A49-4C11-900D-FDBBCA2B0591}.Release|Win32.Build.0 = Release|Win32
		{48A0E613-0A49-4C11-900D-FDBBCA2B0591}.Release|Windows Mobile 5.0 Pocket PC SDK (ARMV4I).ActiveCfg = Release|Win32
		{48A0E613-0A49-4C11-900D-FDBBCA2B0591}.Release|Windows Mobile 5.0 Smartphone SDK (ARMV4I).ActiveCfg = Release|Win32
		{48A0E613-0A49-4C11-900D-FDBBCA2B0591}.Release|Windows Mobile 6 Professional SDK (ARMV4I).ActiveCfg = Release|Win32
		{48A0E613-0A49-4C11-900D-FDBBCA2B0591}.Release|Windows Mobile 6 Standard SDK (ARMV4I).ActiveCfg = Release|Win32
		{7FF55F1C-87EB-4087-8814-FD494BE49170}.Debug|Win32.ActiveCfg = Debug|Win32
		{7FF55F1C-87EB-4087-8814-FD494BE49170}.Debug|Win32.Build.0 = Debug|Win32
		{7FF55F1C-87EB-4087-8814-FD494BE49170}.Debug|Windows Mobile 5.0 Pocket PC SDK (ARMV4I).ActiveCfg = Debug|Win32
		{7FF55F1C-87EB-4087-8814-FD494BE49170}.Debug|Windows Mobile 5.0 Smartphone SDK (ARMV4I).ActiveCfg = Debug|Win32
		{7FF55F1C-87EB-4087-8814-FD494BE49170}.Debug|Windows Mobile 6 Professional SDK (ARMV4I).ActiveCfg = Debug|Win32
		{7FF55F1C-87EB-4087-8814-FD494BE49170}.Debug|Windows Mobile 6 Standard SDK (ARMV4I).ActiveCfg = Debug|Win32
		{7FF55F1C-87EB-4087-8814-FD494BE49170}.No Trace|Win32.ActiveCfg = Release|Win32
		{7FF55F1C-87EB-4087-8814-FD494BE49170}.No Trace|Windows Mobile 5.0 Pocket PC SDK (ARMV4I).ActiveCfg = Debug|Win32
		{7FF55F1C-87EB-4087-8814-FD494BE49170}.No Trace|Windows Mobile 5.0 Smartphone SDK (ARMV4I).ActiveCfg = Debug|Win32
		{7FF55F1C-87EB-4087-8814-FD494BE49170}.No Trace|Windows Mobile 6 Professional SDK (ARMV4I).ActiveCfg = Debug|Win32
		{7FF55F1C-87EB-4087-8814-FD494BE49170}.No Trace|Windows Mobile 6 Standard SDK (ARMV4I).ActiveCfg = Debug|Win32
		{7FF55F1C-87EB-4087-8814-FD494BE49170}.Release|Win32.ActiveCfg = Release|Win32
		{7FF55F1C-87EB-4087-8814-FD494BE49170}.Release|Win32.Build.0 = Release|Win32
		{7FF55F1C-87EB-4087-8814-FD494BE49170}.Release|Windows Mobile 5.0 Pocket PC SDK (ARMV4I).ActiveCfg = Release|Win32
		{7FF55F1C-87EB-4087-8814-FD494BE49170}.Release|Windows Mobile 5.0 Smartphone SDK (ARMV4I).ActiveCfg = Release|Win32
		{7FF55F1C-87EB-4087-8814-FD494BE49170}.Release|Windows Mobile 6 Professional SDK (ARMV4I).ActiveCfg = Release|Win32
		{7FF55F1C-87EB-4087-8814-FD494BE49170}.Release|Windows Mobile 6 Standard SDK (ARMV4I).ActiveCfg = Release|Win32
		{B0FC0A67-6227-46CB-B92D-A5FF83EAE7B7}.Debug|Win32.ActiveCfg = Debug|Win32
		{B0FC0A67-6227-46CB-B92D-A5FF83EAE7B7}.Debug|Win32.Build.0 = Debug|Win32
		{B0FC0A67-6227-46CB-B92D-A5FF83EAE7B7}.Debug|Windows Mobile 5.0 Pocket PC SDK (ARMV4I).ActiveCfg = Debug|Win32
		{B0FC0A67-6227-46CB-B92D-A5FF83EAE7B7}.Debug|Windows Mobile 5.0 Smartphone SDK (ARMV4I).ActiveCfg = Debug|Win32
		{B0FC0A67-6227-46CB-B92D-A5FF83EAE7B7}.Debug|Windows Mobile 6 Professional SDK (ARMV4I).ActiveCfg = Debug|Win32
		{B0FC0A67-6227-46CB-B92D-A5FF83EAE7B7}.Debug|Windows Mobile 6 Standard SDK (ARMV4I).ActiveCfg = Debug|Win32
		{B0FC0A67-6227-46CB-B92D-A5FF83EAE7B7}.No Trace|Win32.ActiveCfg = No Trace|Win32
		{B0FC0A67-6227-46CB-B92D-A5FF83EAE7B7}.No Trace|Win32.Build.0 = No Trace|Win32
		{B0FC0A67-6227-46CB-B92D-A5FF83EAE7B7}.No Trace|Win32.Deploy.0 = No Trace|Win32
		{B0FC0A67-6227-46CB-B92D-A5FF83EAE7B7}.No Trace|Windows Mobile 5.0 Pocket PC SDK (ARMV4I).ActiveCfg = No Trace|Win32
		{B0FC0A67-6227-46CB-B92D-A5FF83EAE7B7}.No Trace|Windows Mobile 5.0 Smartphone SDK (ARMV4I).ActiveCfg = No Trace|Win32
		{B0FC0A67-6227-46CB-B92D-A5FF83EAE7B7}.No Trace|Windows Mobile 6 Professional SDK (ARMV4I).ActiveCfg = No Trace|Win32
		{B0FC0A67-6227-46CB-B92D-A5FF83EAE7B7}.No Trace|Windows Mobile 6 Standard SDK (ARMV4I).ActiveCfg = No Trace|Win32
		{B0FC0A67-6227-46CB-B92D-A5FF83EAE7B7}.Release|Win32.ActiveCfg = Release|Win32
		{B0FC0A67-6227-46CB-B92D-A5FF83EAE7B7}.Release|Win32.Build.0 = Release|Win32
		{B0FC0A67-6227-46CB-B92D-A5FF83EAE7B7}.Release|Windows Mobile 5.0 Pocket PC SDK (ARMV4I).ActiveCfg = Release|Win32
		{B0FC0A67-6227-46CB-B92D-A5FF83EAE7B7}.Release|Windows Mobile 5.0 Smartphone SDK (ARMV4I).ActiveCfg = Release|Win32
		{B0FC0A67-6227-46CB-B92D-A5FF83EAE7B7}.Release|Windows Mobile 6 Professional SDK (ARMV4I).ActiveCfg = Release|Win32
		{B0FC0A67-6227-46CB-B92D-A5FF83EAE7B7}.Release|Windows Mobile 6 Standard SDK (ARMV4I).ActiveCfg = Release|Win32
		{F238251D-3CAE-4378-AD4C-F2A1236C3F6B}.Debug|Win32.ActiveCfg = Debug|Win32
		{F238251D-3CAE-4378-AD4C-F2A1236C3F6B}.Debug|Win32.Build.0 = Debug|Win32
		{F238251D-3CAE-4378-AD4C-F2A1236C3F6B}.Debug|Windows Mobile 5.0 Pocket PC SDK (ARMV4I).ActiveCfg = Debug|Win32
		{F238251D-3CAE-4378-AD4C-F2A1236C3F6B}.Debug|Windows Mobile 5.0 Smartphone SDK (ARMV4I).ActiveCfg = Debug|Win32
		{F238251D-3CAE-4378-AD4C-F2A1236C3F6B}.Debug|Windows Mobile 6 Professional SDK (ARMV4I).ActiveCfg = Debug|Win32
		{F238251D-3CAE-4378-AD4C-F2A1236C3F6B}.Debug|Windows Mobile 6 Standard SDK (ARMV4I).ActiveCfg = Debug|Win32
		{F238251D-3CAE-4378-AD4C-F2A1236C3F6B}.No Trace|Win32.ActiveCfg = Release|Win32
		{F238251D-3CAE-4378-AD4C-F2A1236C3F6B}.No Trace|Windows Mobile 5.0 Pocket PC SDK (ARMV4I).ActiveCfg = Release|Win32
		{F238251D-3CAE-4378-AD4C-F2A1236C3F6B}.No Trace|Windows Mobile 5.0 Smartphone SDK (ARMV4I).ActiveCfg = Release|Win32
		{F238251D-3CAE-4378-AD4C-F2A1236C3F6B}.No Trace|Windows Mobile 6 Professional SDK (ARMV4I).ActiveCfg = Release|Win32
		{F238251D-3CAE-4378-AD4C-F2A1236C3F6B}.No Trace|Windows Mobile 6 Standard SDK (ARMV4I).ActiveCfg = Release|Win32
		{F238251D-3CAE-4378-AD4C-F2A1236C3F6B}.Release|Win32.ActiveCfg = Release|Win32
		{F238251D-3CAE-4378-AD4C-F2A1236C3F6B}.Release|Win32.Build.0 = Release|Win32
		{F238251D-3CAE-4378-AD4C-F2A1236C3F6B}.Release|Windows Mobile 5.0 Pocket PC SDK (ARMV4I).ActiveCfg = Release|Win32
		{F238251D-3CAE-4378-AD4C-F2A1236C3F6B}.Release|Windows Mobile 5.0 Smartphone SDK (ARMV4I).ActiveCfg = Release|Win32
		{F238251D-3CAE-4378-AD4C-F2A1236C3F6B}.Release|Windows Mobile 6 Professional SDK (ARMV4I).ActiveCfg = Release|Win32
		{F238251D-3CAE-4378-AD4C-F2A1236C3F6B}.Release|Windows Mobile 6 Standard SDK (ARMV4I).ActiveCfg = Release|Win32
		{7BCC8831-22E0-4D87-8E8B-F6DA0AEFBED0}.Debug|Win32.ActiveCfg = Debug|Win32
		{7BCC8831-22E0-4D87-8E8B-F6DA0AEFBED0}.Debug|Win32.Build.0 = Debug|Win32
		{7BCC8831-22E0-4D87-8E8B-F6DA0AEFBED0}.Debug|Windows Mobile 5.0 Pocket PC SDK (ARMV4I).ActiveCfg = Debug|Win32
		{7BCC8831-22E0-4D87-8E8B-F6DA0AEFBED0}.Debug|Windows Mobile 5.0 Smartphone SDK (ARMV4I).ActiveCfg = Debug|Win32
		{7BCC8831-22E0-4D87-8E8B-F6DA0AEFBED0}.Debug|Windows Mobile 6 Professional SDK (ARMV4I).ActiveCfg = Debug|Windows Mobile 6 Professional SDK (ARMV4I)
		{7BCC8831-22E0-4D87-8E8B-F6DA0AEFBED0}.Debug|Windows Mobile 6 Professional SDK (ARMV4I).Build.0 = Debug|Windows Mobile 6 Professional SDK (ARMV4I)
		{7BCC8831-22E0-4D87-8E8B-F6DA0AEFBED0}.Debug|Windows Mobile 6 Standard SDK (ARMV4I).ActiveCfg = Debug|Win32
		{7BCC8831-22E0-4D87-8E8B-F6DA0AEFBED0}.No Trace|Win32.ActiveCfg = Release|Win32
		{7BCC8831-22E0-4D87-8E8B-F6DA0AEFBED0}.No Trace|Windows Mobile 5.0 Pocket PC SDK (ARMV4I).ActiveCfg = Debug|Win32
		{7BCC8831-22E0-4D87-8E8B-F6DA0AEFBED0}.No Trace|Windows Mobile 5.0 Smartphone SDK (ARMV4I).ActiveCfg = Debug|Win32
		{7BCC8831-22E0-4D87-8E8B-F6DA0AEFBED0}.No Trace|Windows Mobile 6 Professional SDK (ARMV4I).ActiveCfg = Debug|Win32
		{7BCC8831-22E0-4D87-8E8B-F6DA0AEFBED0}.No Trace|Windows Mobile 6 Standard SDK (ARMV4I).ActiveCfg = Debug|Win32
		{7BCC8831-22E0-4D87-8E8B-F6DA0AEFBED0}.Release|Win32.ActiveCfg = Release|Win32
		{7BCC8831-22E0-4D87-8E8B-F6DA0AEFBED0}.Release|Win32.Build.0 = Release|Win32
		{7BCC8831-22E0-4D87-8E8B-F6DA0AEFBED0}.Release|Windows Mobile 5.0 Pocket PC SDK (ARMV4I).ActiveCfg = Release|Win32
		{7BCC8831-22E0-4D87-8E8B-F6DA0AEFBED0}.Release|Windows Mobile 5.0 Smartphone SDK (ARMV4I).ActiveCfg = Release|Win32
		{7BCC8831-22E0-4D87-8E8B-F6DA0AEFBED0}.Release|Windows Mobile 6 Professional SDK (ARMV4I).ActiveCfg = Release|Win32
		{7BCC8831-22E0-4D87-8E8B-F6DA0AEFBED0}.Release|Windows Mobile 6 Standard SDK (ARMV4I).ActiveCfg = Release|Win32
		{23696513-8FEA-4B89-B8BF-ED0E9DEBE2EA}.Debug|Win32.ActiveCfg = Debug|Win32
		{23696513-8FEA-4B89-B8BF-ED0E9DEBE2EA}.Debug|Win32.Build.0 = Debug|Win32
		{23696513-8FEA-4B89-B8BF-ED0E9DEBE2EA}.Debug|Windows Mobile 5.0 Pocket PC SDK (ARMV4I).ActiveCfg = Debug|Win32
		{23696513-8FEA-4B89-B8BF-ED0E9DEBE2EA}.Debug|Windows Mobile 5.0 Smartphone SDK (ARMV4I).ActiveCfg = Debug|Win32
		{23696513-8FEA-4B89-B8BF-ED0E9DEBE2EA}.Debug|Windows Mobile 6 Professional SDK (ARMV4I).ActiveCfg = Debug|Win32
		{23696513-8FEA-4B89-B8BF-ED0E9DEBE2EA}.Debug|Windows Mobile 6 Standard SDK (ARMV4I).ActiveCfg = Debug|Win32
		{23696513-8FEA-4B89-B8BF-ED0E9DEBE2EA}.No Trace|Win32.ActiveCfg = Release|Win32
		{23696513-8FEA-4B89-B8BF-ED0E9DEBE2EA}.No Trace|Windows Mobile 5.0 Pocket PC SDK (ARMV4I).ActiveCfg = Debug|Win32
		{23696513-8FEA-4B89-B8BF-ED0E9DEBE2EA}.No Trace|Windows Mobile 5.0 Smartphone SDK (ARMV4I).ActiveCfg = Debug|Win32
		{23696513-8FEA-4B89-B8BF-ED0E9DEBE2EA}.No Trace|Windows Mobile 6 Professional SDK (ARMV4I).ActiveCfg = Debug|Win32
		{23696513-8FEA-4B89-B8BF-ED0E9DEBE2EA}.No Trace|Windows Mobile 6 Standard SDK (ARMV4I).ActiveCfg = Debug|Win32
		{23696513-8FEA-4B89-B8BF-ED0E9DEBE2EA}.Release|Win32.ActiveCfg = Release|Win32
		{23696513-8FEA-4B89-B8BF-ED0E9DEBE2EA}.Release|Win32.Build.0 = Release|Win32
		{23696513-8FEA-4B89-B8BF-ED0E9DEBE2EA}.Release|Windows Mobile 5.0 Pocket PC SDK (ARMV4I).ActiveCfg = Release|Win32
		{23696513-8FEA-4B89-B8BF-ED0E9DEBE2EA}.Release|Windows Mobile 5.0 Smartphone SDK (ARMV4I).ActiveCfg = Release|Win32
		{23696513-8FEA-4B89-B8BF-ED0E9DEBE2EA}.Release|Windows Mobile 6 Professional SDK (ARMV4I).ActiveCfg = Release|Win32
		{23696513-8FEA-4B89-B8BF-ED0E9DEBE2EA}.Release|Windows Mobile 6 Standard SDK (ARMV4I).ActiveCfg = Release|Win32
		{0FB8D668-0D31-4C4C-B01D-0F14E17259A7}.Debug|Win32.ActiveCfg = Debug|Win32
		{0FB8D668-0D31-4C4C-B01D-0F14E17259A7}.Debug|Win32.Build.0 = Debug|Win32
		{0FB8D668-0D31-4C4C-B01D-0F14E17259A7}.Debug|Windows Mobile 5.0 Pocket PC SDK (ARMV4I).ActiveCfg = Debug|Win32
		{0FB8D668-0D31-4C4C-B01D-0F14E17259A7}.Debug|Windows Mobile 5.0 Smartphone SDK (ARMV4I).ActiveCfg = Debug|Win32
		{0FB8D668-0D31-4C4C-B01D-0F14E17259A7}.Debug|Windows Mobile 6 Professional SDK (ARMV4I).ActiveCfg = Debug|Win32
		{0FB8D668-0D31-4C4C-B01D-0F14E17259A7}.Debug|Windows Mobile 6 Standard SDK (ARMV4I).ActiveCfg = Debug|Win32
		{0FB8D668-0D31-4C4C-B01D-0F14E17259A7}.No Trace|Win32.ActiveCfg = Release|Win32
		{0FB8D668-0D31-4C4C-B01D-0F14E17259A7}.No Trace|Windows Mobile 5.0 Pocket PC SDK (ARMV4I).ActiveCfg = Debug|Win32
		{0FB8D668-0D31-4C4C-B01D-0F14E17259A7}.No Trace|Windows Mobile 5.0 Smartphone SDK (ARMV4I).ActiveCfg = Debug|Win32
		{0FB8D668-0D31-4C4C-B01D-0F14E17259A7}.No Trace|Windows Mobile 6 Professional SDK (ARMV4I).ActiveCfg = Debug|Win32
		{0FB8D668-0D31-4C4C-B01D-0F14E17259A7}.No Trace|Windows Mobile 6 Standard SDK (ARMV4I).ActiveCfg = Debug|Win32
		{0FB8D668-0D31-4C4C-B01D-0F14E17259A7}.Release|Win32.ActiveCfg = Release|Win32
		{0FB8D668-0D31-4C4C-B01D-0F14E17259A7}.Release|Win32.Build.0 = Release|Win32
		{0FB8D668-0D31-4C4C-B01D-0F14E17259A7}.Release|Windows Mobile 5.0 Pocket PC SDK (ARMV4I).ActiveCfg = Release|Win32
		{0FB8D668-0D31-4C4C-B01D-0F14E17259A7}.Release|Windows Mobile 5.0 Smartphone SDK (ARMV4I).ActiveCfg = Release|Win32
		{0FB8D668-0D31-4C4C-B01D-0F14E17259A7}.Release|Windows Mobile 6 Professional SDK (ARMV4I).ActiveCfg = Release|Win32
		{0FB8D668-0D31-4C4C-B01D-0F14E17259A7}.Release|Windows Mobile 6 Standard SDK (ARMV4I).ActiveCfg = Release|Win32
		{966ED653-88B9-4B83-85F0-4104EDFC2BDE}.Debug|Win32.ActiveCfg = Debug|Win32
		{966ED653-88B9-4B83-85F0-4104EDFC2BDE}.Debug|Win32.Build.0 = Debug|Win32
		{966ED653-88B9-4B83-85F0-4104EDFC2BDE}.Debug|Windows Mobile 5.0 Pocket PC SDK (ARMV4I).ActiveCfg = Debug|Windows Mobile 5.0 Pocket PC SDK (ARMV4I)
		{966ED653-88B9-4B83-85F0-4104EDFC2BDE}.Debug|Windows Mobile 5.0 Pocket PC SDK (ARMV4I).Build.0 = Debug|Windows Mobile 5.0 Pocket PC SDK (ARMV4I)
		{966ED653-88B9-4B83-85F0-4104EDFC2BDE}.Debug|Windows Mobile 5.0 Pocket PC SDK (ARMV4I).Deploy.0 = Debug|Windows Mobile 5.0 Pocket PC SDK (ARMV4I)
		{966ED653-88B9-4B83-85F0-4104EDFC2BDE}.Debug|Windows Mobile 5.0 Smartphone SDK (ARMV4I).ActiveCfg = Debug|Windows Mobile 5.0 Smartphone SDK (ARMV4I)
		{966ED653-88B9-4B83-85F0-4104EDFC2BDE}.Debug|Windows Mobile 5.0 Smartphone SDK (ARMV4I).Build.0 = Debug|Windows Mobile 5.0 Smartphone SDK (ARMV4I)
		{966ED653-88B9-4B83-85F0-4104EDFC2BDE}.Debug|Windows Mobile 5.0 Smartphone SDK (ARMV4I).Deploy.0 = Debug|Windows Mobile 5.0 Smartphone SDK (ARMV4I)
		{966ED653-88B9-4B83-85F0-4104EDFC2BDE}.Debug|Windows Mobile 6 Professional SDK (ARMV4I).ActiveCfg = Debug|Windows Mobile 6 Professional SDK (ARMV4I)
		{966ED653-88B9-4B83-85F0-4104EDFC2BDE}.Debug|Windows Mobile 6 Standard SDK (ARMV4I).ActiveCfg = Debug|Windows Mobile 6 Standard SDK (ARMV4I)
		{966ED653-88B9-4B83-85F0-4104EDFC2BDE}.Debug|Windows Mobile 6 Standard SDK (ARMV4I).Build.0 = Debug|Windows Mobile 6 Standard SDK (ARMV4I)
		{966ED653-88B9-4B83-85F0-4104EDFC2BDE}.Debug|Windows Mobile 6 Standard SDK (ARMV4I).Deploy.0 = Debug|Windows Mobile 6 Standard SDK (ARMV4I)
		{966ED653-88B9-4B83-85F0-4104EDFC2BDE}.No Trace|Win32.ActiveCfg = No Trace|Win32
		{966ED653-88B9-4B83-85F0-4104EDFC2BDE}.No Trace|Win32.Build.0 = No Trace|Win32
		{966ED653-88B9-4B83-85F0-4104EDFC2BDE}.No Trace|Windows Mobile 5.0 Pocket PC SDK (ARMV4I).ActiveCfg = No Trace|Windows Mobile 5.0 Pocket PC SDK (ARMV4I)
		{966ED653-88B9-4B83-85F0-4104EDFC2BDE}.No Trace|Windows Mobile 5.0 Pocket PC SDK (ARMV4I).Build.0 = No Trace|Windows Mobile 5.0 Pocket PC SDK (ARMV4I)
		{966ED653-88B9-4B83-85F0-4104EDFC2BDE}.No Trace|Windows Mobile 5.0 Pocket PC SDK (ARMV4I).Deploy.0 = No Trace|Windows Mobile 5.0 Pocket PC SDK (ARMV4I)
		{966ED653-88B9-4B83-85F0-4104EDFC2BDE}.No Trace|Windows Mobile 5.0 Smartphone SDK (ARMV4I).ActiveCfg = No Trace|Windows Mobile 5.0 Smartphone SDK (ARMV4I)
		{966ED653-88B9-4B83-85F0-4104EDFC2BDE}.No Trace|Windows Mobile 5.0 Smartphone SDK (ARMV4I).Build.0 = No Trace|Windows Mobile 5.0 Smartphone SDK (ARMV4I)
		{966ED653-88B9-4B83-85F0-4104EDFC2BDE}.No Trace|Windows Mobile 5.0 Smartphone SDK (ARMV4I).Deploy.0 = No Trace|Windows Mobile 5.0 Smartphone SDK (ARMV4I)
		{966ED653-88B9-4B83-85F0-4104EDFC2BDE}.No Trace|Windows Mobile 6 Professional SDK (ARMV4I).ActiveCfg = No Trace|Windows Mobile 6 Professional SDK (ARMV4I)
		{966ED653-88B9-4B83-85F0-4104EDFC2BDE}.No Trace|Windows Mobile 6 Professional SDK (ARMV4I).Build.0 = No Trace|Windows Mobile 6 Professional SDK (ARMV4I)
		{966ED653-88B9-4B83-85F0-4104EDFC2BDE}.No Trace|Windows Mobile 6 Professional SDK (ARMV4I).Deploy.0 = No Trace|Windows Mobile 6 Professional SDK (ARMV4I)
		{966ED653-88B9-4B83-85F0-4104EDFC2BDE}.No Trace|Windows Mobile 6 Standard SDK (ARMV4I).ActiveCfg = No Trace|Windows Mobile 6 Standard SDK (ARMV4I)
		{966ED653-88B9-4B83-85F0-4104EDFC2BDE}.No Trace|Windows Mobile 6 Standard SDK (ARMV4I).Build.0 = No Trace|Windows Mobile 6 Standard SDK (ARMV4I)
		{966ED653-88B9-4B83-85F0-4104EDFC2BDE}.No Trace|Windows Mobile 6 Standard SDK (ARMV4I).Deploy.0 = No Trace|Windows Mobile 6 Standard SDK (ARMV4I)
		{966ED653-88B9-4B83-85F0-4104EDFC2BDE}.Release|Win32.ActiveCfg = Release|Win32
		{966ED653-88B9-4B83-85F0-4104EDFC2BDE}.Release|Win32.Build.0 = Release|Win32
		{966ED653-88B9-4B83-85F0-4104EDFC2BDE}.Release|Windows Mobile 5.0 Pocket PC SDK (ARMV4I).ActiveCfg = Release|Windows Mobile 5.0 Pocket PC SDK (ARMV4I)
		{966ED653-88B9-4B83-85F0-4104EDFC2BDE}.Release|Windows Mobile 5.0 Pocket PC SDK (ARMV4I).Build.0 = Release|Windows Mobile 5.0 Pocket PC SDK (ARMV4I)
		{966ED653-88B9-4B83-85F0-4104EDFC2BDE}.Release|Windows Mobile 5.0 Pocket PC SDK (ARMV4I).Deploy.0 = Release|Windows Mobile 5.0 Pocket PC SDK (ARMV4I)
		{966ED653-88B9-4B83-85F0-4104EDFC2BDE}.Release|Windows Mobile 5.0 Smartphone SDK (ARMV4I).ActiveCfg = Release|Windows Mobile 5.0 Smartphone SDK (ARMV4I)
		{966ED653-88B9-4B83-85F0-4104EDFC2BDE}.Release|Windows Mobile 5.0 Smartphone SDK (ARMV4I).Build.0 = Release|Windows Mobile 5.0 Smartphone SDK (ARMV4I)
		{966ED653-88B9-4B83-85F0-4104EDFC2BDE}.Release|Windows Mobile 5.0 Smartphone SDK (ARMV4I).Deploy.0 = Release|Windows Mobile 5.0 Smartphone SDK (ARMV4I)
		{966ED653-88B9-4B83-85F0-4104EDFC2BDE}.Release|Windows Mobile 6 Professional SDK (ARMV4I).ActiveCfg = Release|Windows Mobile 6 Professional SDK (ARMV4I)
		{966ED653-88B9-4B83-85F0-4104EDFC2BDE}.Release|Windows Mobile 6 Professional SDK (ARMV4I).Build.0 = Release|Windows Mobile 6 Professional SDK (ARMV4I)
		{966ED653-88B9-4B83-85F0-4104EDFC2BDE}.Release|Windows Mobile 6 Professional SDK (ARMV4I).Deploy.0 = Release|Windows Mobile 6 Professional SDK (ARMV4I)
		{966ED653-88B9-4B83-85F0-4104EDFC2BDE}.Release|Windows Mobile 6 Standard SDK (ARMV4I).ActiveCfg = Release|Windows Mobile 6 Standard SDK (ARMV4I)
		{966ED653-88B9-4B83-85F0-4104EDFC2BDE}.Release|Windows Mobile 6 Standard SDK (ARMV4I).Build.0 = Release|Windows Mobile 6 Standard SDK (ARMV4I)
		{966ED653-88B9-4B83-85F0-4104EDFC2BDE}.Release|Windows Mobile 6 Standard SDK (ARMV4I).Deploy.0 = Release|Windows Mobile 6 Standard SDK (ARMV4I)
		{FFC2C809-4DF4-41C1-9D51-3BA5D3506533}.Debug|Win32.ActiveCfg = Debug|Win32
		{FFC2C809-4DF4-41C1-9D51-3BA5D3506533}.Debug|Win32.Build.0 = Debug|Win32
		{FFC2C809-4DF4-41C1-9D51-3BA5D3506533}.Debug|Windows Mobile 5.0 Pocket PC SDK (ARMV4I).ActiveCfg = Debug|Win32
		{FFC2C809-4DF4-41C1-9D51-3BA5D3506533}.Debug|Windows Mobile 5.0 Smartphone SDK (ARMV4I).ActiveCfg = Debug|Win32
		{FFC2C809-4DF4-41C1-9D51-3BA5D3506533}.Debug|Windows Mobile 6 Professional SDK (ARMV4I).ActiveCfg = Debug|Win32
		{FFC2C809-4DF4-41C1-9D51-3BA5D3506533}.Debug|Windows Mobile 6 Standard SDK (ARMV4I).ActiveCfg = Debug|Win32
		{FFC2C809-4DF4-41C1-9D51-3BA5D3506533}.No Trace|Win32.ActiveCfg = Release|Win32
		{FFC2C809-4DF4-41C1-9D51-3BA5D3506533}.No Trace|Windows Mobile 5.0 Pocket PC SDK (ARMV4I).ActiveCfg = Debug|Win32
		{FFC2C809-4DF4-41C1-9D51-3BA5D3506533}.No Trace|Windows Mobile 5.0 Smartphone SDK (ARMV4I).ActiveCfg = Debug|Win32
		{FFC2C809-4DF4-41C1-9D51-3BA5D3506533}.No Trace|Windows Mobile 6 Professional SDK (ARMV4I).ActiveCfg = Debug|Win32
		{FFC2C809-4DF4-41C1-9D51-3BA5D3506533}.No Trace|Windows Mobile 6 Standard SDK (ARMV4I).ActiveCfg = Debug|Win32
		{FFC2C809-4DF4-41C1-9D51-3BA5D3506533}.Release|Win32.ActiveCfg = Release|Win32
		{FFC2C809-4DF4-41C1-9D51-3BA5D3506533}.Release|Win32.Build.0 = Release|Win32
		{FFC2C809-4DF4-41C1-9D51-3BA5D3506533}.Release|Windows Mobile 5.0 Pocket PC SDK (ARMV4I).ActiveCfg = Release|Win32
		{FFC2C809-4DF4-41C1-9D51-3BA5D3506533}.Release|Windows Mobile 5.0 Smartphone SDK (ARMV4I).ActiveCfg = Release|Win32
		{FFC2C809-4DF4-41C1-9D51-3BA5D3506533}.Release|Windows Mobile 6 Professional SDK (ARMV4I).ActiveCfg = Release|Win32
		{FFC2C809-4DF4-41C1-9D51-3BA5D3506533}.Release|Windows Mobile 6 Standard SDK (ARMV4I).ActiveCfg = Release|Win32
		{D7F92DDD-CA73-4E2F-8940-4E2D1C863D25}.Debug|Win32.ActiveCfg = Debug|Win32
		{D7F92DDD-CA73-4E2F-8940-4E2D1C863D25}.Debug|Win32.Build.0 = Debug|Win32
		{D7F92DDD-CA73-4E2F-8940-4E2D1C863D25}.Debug|Windows Mobile 5.0 Pocket PC SDK (ARMV4I).ActiveCfg = Debug|Win32
		{D7F92DDD-CA73-4E2F-8940-4E2D1C863D25}.Debug|Windows Mobile 5.0 Smartphone SDK (ARMV4I).ActiveCfg = Debug|Win32
		{D7F92DDD-CA73-4E2F-8940-4E2D1C863D25}.Debug|Windows Mobile 6 Professional SDK (ARMV4I).ActiveCfg = Debug|Win32
		{D7F92DDD-CA73-4E2F-8940-4E2D1C863D25}.Debug|Windows Mobile 6 Standard SDK (ARMV4I).ActiveCfg = Debug|Win32
		{D7F92DDD-CA73-4E2F-8940-4E2D1C863D25}.No Trace|Win32.ActiveCfg = Release|Win32
		{D7F92DDD-CA73-4E2F-8940-4E2D1C863D25}.No Trace|Windows Mobile 5.0 Pocket PC SDK (ARMV4I).ActiveCfg = Debug|Win32
		{D7F92DDD-CA73-4E2F-8940-4E2D1C863D25}.No Trace|Windows Mobile 5.0 Smartphone SDK (ARMV4I).ActiveCfg = Debug|Win32
		{D7F92DDD-CA73-4E2F-8940-4E2D1C863D25}.No Trace|Windows Mobile 6 Professional SDK (ARMV4I).ActiveCfg = Debug|Win32
		{D7F92DDD-CA73-4E2F-8940-4E2D1C863D25}.No Trace|Windows Mobile 6 Standard SDK (ARMV4I).ActiveCfg = Debug|Win32
		{D7F92DDD-CA73-4E2F-8940-4E2D1C863D25}.Release|Win32.ActiveCfg = Release|Win32
		{D7F92DDD-CA73-4E2F-8940-4E2D1C863D25}.Release|Win32.Build.0 = Release|Win32
		{D7F92DDD-CA73-4E2F-8940-4E2D1C863D25}.Release|Windows Mobile 5.0 Pocket PC SDK (ARMV4I).ActiveCfg = Release|Win32
		{D7F92DDD-CA73-4E2F-8940-4E2D1C863D25}.Release|Windows Mobile 5.0 Smartphone SDK (ARMV4I).ActiveCfg = Release|Win32
		{D7F92DDD-CA73-4E2F-8940-4E2D1C863D25}.Release|Windows Mobile 6 Professional SDK (ARMV4I).ActiveCfg = Release|Win32
		{D7F92DDD-CA73-4E2F-8940-4E2D1C863D25}.Release|Windows Mobile 6 Standard SDK (ARMV4I).ActiveCfg = Release|Win32
		{D4F638A4-B109-4348-9247-FFC163676723}.Debug|Win32.ActiveCfg = Debug|Win32
		{D4F638A4-B109-4348-9247-FFC163676723}.Debug|Win32.Build.0 = Debug|Win32
		{D4F638A4-B109-4348-9247-FFC163676723}.Debug|Windows Mobile 5.0 Pocket PC SDK (ARMV4I).ActiveCfg = Debug|Win32
		{D4F638A4-B109-4348-9247-FFC163676723}.Debug|Windows Mobile 5.0 Smartphone SDK (ARMV4I).ActiveCfg = Debug|Win32
		{D4F638A4-B109-4348-9247-FFC163676723}.Debug|Windows Mobile 6 Professional SDK (ARMV4I).ActiveCfg = Debug|Win32
		{D4F638A4-B109-4348-9247-FFC163676723}.Debug|Windows Mobile 6 Standard SDK (ARMV4I).ActiveCfg = Debug|Win32
		{D4F638A4-B109-4348-9247-FFC163676723}.No Trace|Win32.ActiveCfg = Release|Win32
		{D4F638A4-B109-4348-9247-FFC163676723}.No Trace|Windows Mobile 5.0 Pocket PC SDK (ARMV4I).ActiveCfg = Release|Win32
		{D4F638A4-B109-4348-9247-FFC163676723}.No Trace|Windows Mobile 5.0 Smartphone SDK (ARMV4I).ActiveCfg = Release|Win32
		{D4F638A4-B109-4348-9247-FFC163676723}.No Trace|Windows Mobile 6 Professional SDK (ARMV4I).ActiveCfg = Release|Win32
		{D4F638A4-B109-4348-9247-FFC163676723}.No Trace|Windows Mobile 6 Standard SDK (ARMV4I).ActiveCfg = Release|Win32
		{D4F638A4-B109-4348-9247-FFC163676723}.Release|Win32.ActiveCfg = Release|Win32
		{D4F638A4-B109-4348-9247-FFC163676723}.Release|Win32.Build.0 = Release|Win32
		{D4F638A4-B109-4348-9247-FFC163676723}.Release|Windows Mobile 5.0 Pocket PC SDK (ARMV4I).ActiveCfg = Release|Win32
		{D4F638A4-B109-4348-9247-FFC163676723}.Release|Windows Mobile 5.0 Smartphone SDK (ARMV4I).ActiveCfg = Release|Win32
		{D4F638A4-B109-4348-9247-FFC163676723}.Release|Windows Mobile 6 Professional SDK (ARMV4I).ActiveCfg = Release|Win32
		{D4F638A4-B109-4348-9247-FFC163676723}.Release|Windows Mobile 6 Standard SDK (ARMV4I).ActiveCfg = Release|Win32
		{56E04FF6-6AEB-4917-B8FC-6C0C1F5831F1}.Debug|Win32.ActiveCfg = Debug|Win32
		{56E04FF6-6AEB-4917-B8FC-6C0C1F5831F1}.Debug|Win32.Build.0 = Debug|Win32
		{56E04FF6-6AEB-4917-B8FC-6C0C1F5831F1}.Debug|Windows Mobile 5.0 Pocket PC SDK (ARMV4I).ActiveCfg = Debug|Win32
		{56E04FF6-6AEB-4917-B8FC-6C0C1F5831F1}.Debug|Windows Mobile 5.0 Smartphone SDK (ARMV4I).ActiveCfg = Debug|Win32
		{56E04FF6-6AEB-4917-B8FC-6C0C1F5831F1}.Debug|Windows Mobile 6 Professional SDK (ARMV4I).ActiveCfg = Debug|Win32
		{56E04FF6-6AEB-4917-B8FC-6C0C1F5831F1}.Debug|Windows Mobile 6 Standard SDK (ARMV4I).ActiveCfg = Debug|Win32
		{56E04FF6-6AEB-4917-B8FC-6C0C1F5831F1}.No Trace|Win32.ActiveCfg = No Trace|Win32
		{56E04FF6-6AEB-4917-B8FC-6C0C1F5831F1}.No Trace|Win32.Build.0 = No Trace|Win32
		{56E04FF6-6AEB-4917-B8FC-6C0C1F5831F1}.No Trace|Windows Mobile 5.0 Pocket PC SDK (ARMV4I).ActiveCfg = No Trace|Win32
		{56E04FF6-6AEB-4917-B8FC-6C0C1F5831F1}.No Trace|Windows Mobile 5.0 Smartphone SDK (ARMV4I).ActiveCfg = No Trace|Win32
		{56E04FF6-6AEB-4917-B8FC-6C0C1F5831F1}.No Trace|Windows Mobile 6 Professional SDK (ARMV4I).ActiveCfg = No Trace|Win32
		{56E04FF6-6AEB-4917-B8FC-6C0C1F5831F1}.No Trace|Windows Mobile 6 Standard SDK (ARMV4I).ActiveCfg = No Trace|Win32
		{56E04FF6-6AEB-4917-B8FC-6C0C1F5831F1}.Release|Win32.ActiveCfg = Release|Win32
		{56E04FF6-6AEB-4917-B8FC-6C0C1F5831F1}.Release|Win32.Build.0 = Release|Win32
		{56E04FF6-6AEB-4917-B8FC-6C0C1F5831F1}.Release|Windows Mobile 5.0 Pocket PC SDK (ARMV4I).ActiveCfg = Release|Win32
		{56E04FF6-6AEB-4917-B8FC-6C0C1F5831F1}.Release|Windows Mobile 5.0 Smartphone SDK (ARMV4I).ActiveCfg = Release|Win32
		{56E04FF6-6AEB-4917-B8FC-6C0C1F5831F1}.Release|Windows Mobile 6 Professional SDK (ARMV4I).ActiveCfg = Release|Win32
		{56E04FF6-6AEB-4917-B8FC-6C0C1F5831F1}.Release|Windows Mobile 6 Standard SDK (ARMV4I).ActiveCfg = Release|Win32
		{C7546C76-E010-4105-AEAE-48FCD6C09527}.Debug|Win32.ActiveCfg = Debug|Win32
		{C7546C76-E010-4105-AEAE-48FCD6C09527}.Debug|Win32.Build.0 = Debug|Win32
		{C7546C76-E010-4105-AEAE-48FCD6C09527}.Debug|Windows Mobile 5.0 Pocket PC SDK (ARMV4I).ActiveCfg = Debug|Win32
		{C7546C76-E010-4105-AEAE-48FCD6C09527}.Debug|Windows Mobile 5.0 Smartphone SDK (ARMV4I).ActiveCfg = Debug|Win32
		{C7546C76-E010-4105-AEAE-48FCD6C09527}.Debug|Windows Mobile 6 Professional SDK (ARMV4I).ActiveCfg = Debug|Win32
		{C7546C76-E010-4105-AEAE-48FCD6C09527}.Debug|Windows Mobile 6 Standard SDK (ARMV4I).ActiveCfg = Debug|Win32
		{C7546C76-E010-4105-AEAE-48FCD6C09527}.No Trace|Win32.ActiveCfg = No Trace|Win32
		{C7546C76-E010-4105-AEAE-48FCD6C09527}.No Trace|Win32.Build.0 = No Trace|Win32
		{C7546C76-E010-4105-AEAE-48FCD6C09527}.No Trace|Windows Mobile 5.0 Pocket PC SDK (ARMV4I).ActiveCfg = No Trace|Win32
		{C7546C76-E010-4105-AEAE-48FCD6C09527}.No Trace|Windows Mobile 5.0 Smartphone SDK (ARMV4I).ActiveCfg = No Trace|Win32
		{C7546C76-E010-4105-AEAE-48FCD6C09527}.No Trace|Windows Mobile 6 Professional SDK (ARMV4I).ActiveCfg = No Trace|Win32
		{C7546C76-E010-4105-AEAE-48FCD6C09527}.No Trace|Windows Mobile 6 Standard SDK (ARMV4I).ActiveCfg = No Trace|Win32
		{C7546C76-E010-4105-AEAE-48FCD6C09527}.Release|Win32.ActiveCfg = Release|Win32
		{C7546C76-E010-4105-AEAE-48FCD6C09527}.Release|Win32.Build.0 = Release|Win32
		{C7546C76-E010-4105-AEAE-48FCD6C09527}.Release|Windows Mobile 5.0 Pocket PC SDK (ARMV4I).ActiveCfg = Release|Win32
		{C7546C76-E010-4105-AEAE-48FCD6C09527}.Release|Windows Mobile 5.0 Smartphone SDK (ARMV4I).ActiveCfg = Release|Win32
		{C7546C76-E010-4105-AEAE-48FCD6C09527}.Release|Windows Mobile 6 Professional SDK (ARMV4I).ActiveCfg = Release|Win32
		{C7546C76-E010-4105-AEAE-48FCD6C09527}.Release|Windows Mobile 6 Standard SDK (ARMV4I).ActiveCfg = Release|Win32
		{072F7820-710F-416A-A348-A4D1D023C72B}.Debug|Win32.ActiveCfg = Debug|Win32
		{072F7820-710F-416A-A348-A4D1D023C72B}.Debug|Win32.Build.0 = Debug|Win32
		{072F7820-710F-416A-A348-A4D1D023C72B}.Debug|Windows Mobile 5.0 Pocket PC SDK (ARMV4I).ActiveCfg = Debug|Win32
		{072F7820-710F-416A-A348-A4D1D023C72B}.Debug|Windows Mobile 5.0 Smartphone SDK (ARMV4I).ActiveCfg = Debug|Win32
		{072F7820-710F-416A-A348-A4D1D023C72B}.Debug|Windows Mobile 6 Professional SDK (ARMV4I).ActiveCfg = Debug|Win32
		{072F7820-710F-416A-A348-A4D1D023C72B}.Debug|Windows Mobile 6 Standard SDK (ARMV4I).ActiveCfg = Debug|Win32
		{072F7820-710F-416A-A348-A4D1D023C72B}.No Trace|Win32.ActiveCfg = Release|Win32
		{072F7820-710F-416A-A348-A4D1D023C72B}.No Trace|Windows Mobile 5.0 Pocket PC SDK (ARMV4I).ActiveCfg = Debug|Win32
		{072F7820-710F-416A-A348-A4D1D023C72B}.No Trace|Windows Mobile 5.0 Smartphone SDK (ARMV4I).ActiveCfg = Debug|Win32
		{072F7820-710F-416A-A348-A4D1D023C72B}.No Trace|Windows Mobile 6 Professional SDK (ARMV4I).ActiveCfg = Debug|Win32
		{072F7820-710F-416A-A348-A4D1D023C72B}.No Trace|Windows Mobile 6 Standard SDK (ARMV4I).ActiveCfg = Debug|Win32
		{072F7820-710F-416A-A348-A4D1D023C72B}.Release|Win32.ActiveCfg = Release|Win32
		{072F7820-710F-416A-A348-A4D1D023C72B}.Release|Win32.Build.0 = Release|Win32
		{072F7820-710F-416A-A348-A4D1D023C72B}.Release|Windows Mobile 5.0 Pocket PC SDK (ARMV4I).ActiveCfg = Release|Win32
		{072F7820-710F-416A-A348-A4D1D023C72B}.Release|Windows Mobile 5.0 Smartphone SDK (ARMV4I).ActiveCfg = Release|Win32
		{072F7820-710F-416A-A348-A4D1D023C72B}.Release|Windows Mobile 6 Professional SDK (ARMV4I).ActiveCfg = Release|Win32
		{072F7820-710F-416A-A348-A4D1D023C72B}.Release|Windows Mobile 6 Standard SDK (ARMV4I).ActiveCfg = Release|Win32
		{6C1D0918-6995-41C4-9068-6300F3E60D47}.Debug|Win32.ActiveCfg = Debug|Win32
		{6C1D0918-6995-41C4-9068-6300F3E60D47}.Debug|Win32.Build.0 = Debug|Win32
		{6C1D0918-6995-41C4-9068-6300F3E60D47}.Debug|Windows Mobile 5.0 Pocket PC SDK (ARMV4I).ActiveCfg = Debug|Win32
		{6C1D0918-6995-41C4-9068-6300F3E60D47}.Debug|Windows Mobile 5.0 Smartphone SDK (ARMV4I).ActiveCfg = Debug|Win32
		{6C1D0918-6995-41C4-9068-6300F3E60D47}.Debug|Windows Mobile 6 Professional SDK (ARMV4I).ActiveCfg = Debug|Win32
		{6C1D0918-6995-41C4-9068-6300F3E60D47}.Debug|Windows Mobile 6 Standard SDK (ARMV4I).ActiveCfg = Debug|Win32
		{6C1D0918-6995-41C4-9068-6300F3E60D47}.No Trace|Win32.ActiveCfg = Release|Win32
		{6C1D0918-6995-41C4-9068-6300F3E60D47}.No Trace|Windows Mobile 5.0 Pocket PC SDK (ARMV4I).ActiveCfg = Debug|Win32
		{6C1D0918-6995-41C4-9068-6300F3E60D47}.No Trace|Windows Mobile 5.0 Smartphone SDK (ARMV4I).ActiveCfg = Debug|Win32
		{6C1D0918-6995-41C4-9068-6300F3E60D47}.No Trace|Windows Mobile 6 Professional SDK (ARMV4I).ActiveCfg = Debug|Win32
		{6C1D0918-6995-41C4-9068-6300F3E60D47}.No Trace|Windows Mobile 6 Standard SDK (ARMV4I).ActiveCfg = Debug|Win32
		{6C1D0918-6995-41C4-9068-6300F3E60D47}.Release|Win32.ActiveCfg = Release|Win32
		{6C1D0918-6995-41C4-9068-6300F3E60D47}.Release|Win32.Build.0 = Release|Win32
		{6C1D0918-6995-41C4-9068-6300F3E60D47}.Release|Windows Mobile 5.0 Pocket PC SDK (ARMV4I).ActiveCfg = Release|Win32
		{6C1D0918-6995-41C4-9068-6300F3E60D47}.Release|Windows Mobile 5.0 Smartphone SDK (ARMV4I).ActiveCfg = Release|Win32
		{6C1D0918-6995-41C4-9068-6300F3E60D47}.Release|Windows Mobile 6 Professional SDK (ARMV4I).ActiveCfg = Release|Win32
		{6C1D0918-6995-41C4-9068-6300F3E60D47}.Release|Windows Mobile 6 Standard SDK (ARMV4I).ActiveCfg = Release|Win32
		{1650298C-5F43-47B8-974E-155D1FA0D672}.Debug|Win32.ActiveCfg = Debug|Win32
		{1650298C-5F43-47B8-974E-155D1FA0D672}.Debug|Win32.Build.0 = Debug|Win32
		{1650298C-5F43-47B8-974E-155D1FA0D672}.Debug|Windows Mobile 5.0 Pocket PC SDK (ARMV4I).ActiveCfg = Debug|Win32
		{1650298C-5F43-47B8-974E-155D1FA0D672}.Debug|Windows Mobile 5.0 Smartphone SDK (ARMV4I).ActiveCfg = Debug|Win32
		{1650298C-5F43-47B8-974E-155D1FA0D672}.Debug|Windows Mobile 6 Professional SDK (ARMV4I).ActiveCfg = Debug|Win32
		{1650298C-5F43-47B8-974E-155D1FA0D672}.Debug|Windows Mobile 6 Standard SDK (ARMV4I).ActiveCfg = Debug|Win32
		{1650298C-5F43-47B8-974E-155D1FA0D672}.No Trace|Win32.ActiveCfg = Release|Win32
		{1650298C-5F43-47B8-974E-155D1FA0D672}.No Trace|Win32.Build.0 = Release|Win32
		{1650298C-5F43-47B8-974E-155D1FA0D672}.No Trace|Windows Mobile 5.0 Pocket PC SDK (ARMV4I).ActiveCfg = Release|Win32
		{1650298C-5F43-47B8-974E-155D1FA0D672}.No Trace|Windows Mobile 5.0 Smartphone SDK (ARMV4I).ActiveCfg = Release|Win32
		{1650298C-5F43-47B8-974E-155D1FA0D672}.No Trace|Windows Mobile 6 Professional SDK (ARMV4I).ActiveCfg = Release|Win32
		{1650298C-5F43-47B8-974E-155D1FA0D672}.No Trace|Windows Mobile 6 Standard SDK (ARMV4I).ActiveCfg = Release|Win32
		{1650298C-5F43-47B8-974E-155D1FA0D672}.Release|Win32.ActiveCfg = Release|Win32
		{1650298C-5F43-47B8-974E-155D1FA0D672}.Release|Win32.Build.0 = Release|Win32
		{1650298C-5F43-47B8-974E-155D1FA0D672}.Release|Windows Mobile 5.0 Pocket PC SDK (ARMV4I).ActiveCfg = Release|Win32
		{1650298C-5F43-47B8-974E-155D1FA0D672}.Release|Windows Mobile 5.0 Smartphone SDK (ARMV4I).ActiveCfg = Release|Win32
		{1650298C-5F43-47B8-974E-155D1FA0D672}.Release|Windows Mobile 6 Professional SDK (ARMV4I).ActiveCfg = Release|Win32
		{1650298C-5F43-47B8-974E-155D1FA0D672}.Release|Windows Mobile 6 Standard SDK (ARMV4I).ActiveCfg = Release|Win32
	EndGlobalSection
	GlobalSection(SolutionProperties) = preSolution
		HideSolutionNode = FALSE
	EndGlobalSection
EndGlobal
