Microsoft Visual Studio Solution File, Format Version 11.00
# Visual Studio 2010
Project("{8BC9CEB8-8B4A-11D0-8D11-00A0C91BC942}") = "YYSpriteX-2", "YYSpriteX-2\YYSpriteX-2.vcxproj", "{3802D18C-97A5-43BD-AD2B-E76D3BB92446}"
EndProject
Project("{8BC9CEB8-8B4A-11D0-8D11-00A0C91BC942}") = "BV32", "opal\plugins\audio\broadvoice\FloatingPoint\MSVC\BroadVoice32.vcxproj", "{C989B254-B5DD-4357-A5B2-4F11AB4AEEA1}"
EndProject
Project("{8BC9CEB8-8B4A-11D0-8D11-00A0C91BC942}") = "YYC", "YYContainer\YYContainer.vcxproj", "{8623B63C-CF03-4C44-BB10-1E6A0CB4EC4E}"
	ProjectSection(ProjectDependencies) = postProject
		{0C3AF508-06FF-47EF-BE5A-F72F41759246} = {0C3AF508-06FF-47EF-BE5A-F72F41759246}
		{D84D100A-7C21-4CCB-B16E-0FB37137C16C} = {D84D100A-7C21-4CCB-B16E-0FB37137C16C}
		{36207614-245A-466F-866B-917C5BA9DAEE} = {36207614-245A-466F-866B-917C5BA9DAEE}
		{3802D18C-97A5-43BD-AD2B-E76D3BB92446} = {3802D18C-97A5-43BD-AD2B-E76D3BB92446}
		{E61B4DFB-0CAB-46DD-BB02-1AFFD61DB7F5} = {E61B4DFB-0CAB-46DD-BB02-1AFFD61DB7F5}
	EndProjectSection
EndProject
Project("{8BC9CEB8-8B4A-11D0-8D11-00A0C91BC942}") = "MiniWeb", "miniweb\httpd_vc7.vcxproj", "{06E5025D-53D7-4B39-8D4C-D06E39A3023A}"
EndProject
Project("{8BC9CEB8-8B4A-11D0-8D11-00A0C91BC942}") = "OPAL Static-md", "opal\src\win32\opal_lib_n.vcxproj", "{0C3AF508-06FF-47EF-BE5A-F72F41759246}"
EndProject
Project("{8BC9CEB8-8B4A-11D0-8D11-00A0C91BC942}") = "PTLib Static-md", "ptlib\src\ptlib\msos\Console-n.vcxproj", "{E61B4DFB-0CAB-46DD-BB02-1AFFD61DB7F5}"
EndProject
Project("{8BC9CEB8-8B4A-11D0-8D11-00A0C91BC942}") = "ud-md", "ud\udt4\win\udt_md.vcxproj", "{D84D100A-7C21-4CCB-B16E-0FB37137C16C}"
EndProject
Project("{8BC9CEB8-8B4A-11D0-8D11-00A0C91BC942}") = "bbqbase-md", "bbqmfcex\bbqbase\bbqbase-md.vcxproj", "{36207614-245A-466F-866B-917C5BA9DAEE}"
EndProject
Global
	GlobalSection(SolutionConfigurationPlatforms) = preSolution
		Debug_DLL|Win32 = Debug_DLL|Win32
		Debug_pop|Win32 = Debug_pop|Win32
		debug_r|Win32 = debug_r|Win32
		Debug_sdk|Win32 = Debug_sdk|Win32
		Debug|Win32 = Debug|Win32
		No Trace|Win32 = No Trace|Win32
		Profile_FastCap|Win32 = Profile_FastCap|Win32
		Profile|Win32 = Profile|Win32
		Release_7z|Win32 = Release_7z|Win32
		Release_DLL|Win32 = Release_DLL|Win32
		Release_Dynamic_SSE|Win32 = Release_Dynamic_SSE|Win32
		Release_LTCG|Win32 = Release_LTCG|Win32
		Release_Static_SSE|Win32 = Release_Static_SSE|Win32
		Release|Win32 = Release|Win32
		Template|Win32 = Template|Win32
		Trace|Win32 = Trace|Win32
	EndGlobalSection
	GlobalSection(ProjectConfigurationPlatforms) = postSolution
		{3802D18C-97A5-43BD-AD2B-E76D3BB92446}.Debug_DLL|Win32.ActiveCfg = Debug_sdk|Win32
		{3802D18C-97A5-43BD-AD2B-E76D3BB92446}.Debug_DLL|Win32.Build.0 = Debug_sdk|Win32
		{3802D18C-97A5-43BD-AD2B-E76D3BB92446}.Debug_pop|Win32.ActiveCfg = Debug_pop|Win32
		{3802D18C-97A5-43BD-AD2B-E76D3BB92446}.Debug_pop|Win32.Build.0 = Debug_pop|Win32
		{3802D18C-97A5-43BD-AD2B-E76D3BB92446}.debug_r|Win32.ActiveCfg = Debug_sdk|Win32
		{3802D18C-97A5-43BD-AD2B-E76D3BB92446}.debug_r|Win32.Build.0 = Debug_sdk|Win32
		{3802D18C-97A5-43BD-AD2B-E76D3BB92446}.Debug_sdk|Win32.ActiveCfg = Debug_sdk|Win32
		{3802D18C-97A5-43BD-AD2B-E76D3BB92446}.Debug_sdk|Win32.Build.0 = Debug_sdk|Win32
		{3802D18C-97A5-43BD-AD2B-E76D3BB92446}.Debug|Win32.ActiveCfg = Debug|Win32
		{3802D18C-97A5-43BD-AD2B-E76D3BB92446}.Debug|Win32.Build.0 = Debug|Win32
		{3802D18C-97A5-43BD-AD2B-E76D3BB92446}.No Trace|Win32.ActiveCfg = No Trace|Win32
		{3802D18C-97A5-43BD-AD2B-E76D3BB92446}.No Trace|Win32.Build.0 = No Trace|Win32
		{3802D18C-97A5-43BD-AD2B-E76D3BB92446}.Profile_FastCap|Win32.ActiveCfg = Release|Win32
		{3802D18C-97A5-43BD-AD2B-E76D3BB92446}.Profile_FastCap|Win32.Build.0 = Release|Win32
		{3802D18C-97A5-43BD-AD2B-E76D3BB92446}.Profile|Win32.ActiveCfg = Release|Win32
		{3802D18C-97A5-43BD-AD2B-E76D3BB92446}.Profile|Win32.Build.0 = Release|Win32
		{3802D18C-97A5-43BD-AD2B-E76D3BB92446}.Release_7z|Win32.ActiveCfg = Release|Win32
		{3802D18C-97A5-43BD-AD2B-E76D3BB92446}.Release_7z|Win32.Build.0 = Release|Win32
		{3802D18C-97A5-43BD-AD2B-E76D3BB92446}.Release_DLL|Win32.ActiveCfg = Release|Win32
		{3802D18C-97A5-43BD-AD2B-E76D3BB92446}.Release_DLL|Win32.Build.0 = Release|Win32
		{3802D18C-97A5-43BD-AD2B-E76D3BB92446}.Release_Dynamic_SSE|Win32.ActiveCfg = Release|Win32
		{3802D18C-97A5-43BD-AD2B-E76D3BB92446}.Release_Dynamic_SSE|Win32.Build.0 = Release|Win32
		{3802D18C-97A5-43BD-AD2B-E76D3BB92446}.Release_LTCG|Win32.ActiveCfg = Release|Win32
		{3802D18C-97A5-43BD-AD2B-E76D3BB92446}.Release_LTCG|Win32.Build.0 = Release|Win32
		{3802D18C-97A5-43BD-AD2B-E76D3BB92446}.Release_Static_SSE|Win32.ActiveCfg = Release|Win32
		{3802D18C-97A5-43BD-AD2B-E76D3BB92446}.Release_Static_SSE|Win32.Build.0 = Release|Win32
		{3802D18C-97A5-43BD-AD2B-E76D3BB92446}.Release|Win32.ActiveCfg = Release|Win32
		{3802D18C-97A5-43BD-AD2B-E76D3BB92446}.Release|Win32.Build.0 = Release|Win32
		{3802D18C-97A5-43BD-AD2B-E76D3BB92446}.Template|Win32.ActiveCfg = Template|Win32
		{3802D18C-97A5-43BD-AD2B-E76D3BB92446}.Template|Win32.Build.0 = Template|Win32
		{3802D18C-97A5-43BD-AD2B-E76D3BB92446}.Trace|Win32.ActiveCfg = Release|Win32
		{3802D18C-97A5-43BD-AD2B-E76D3BB92446}.Trace|Win32.Build.0 = Release|Win32
		{C989B254-B5DD-4357-A5B2-4F11AB4AEEA1}.Debug_DLL|Win32.ActiveCfg = Debug_sdk|Win32
		{C989B254-B5DD-4357-A5B2-4F11AB4AEEA1}.Debug_DLL|Win32.Build.0 = Debug_sdk|Win32
		{C989B254-B5DD-4357-A5B2-4F11AB4AEEA1}.Debug_pop|Win32.ActiveCfg = Debug_pop|Win32
		{C989B254-B5DD-4357-A5B2-4F11AB4AEEA1}.debug_r|Win32.ActiveCfg = debug_r|Win32
		{C989B254-B5DD-4357-A5B2-4F11AB4AEEA1}.debug_r|Win32.Build.0 = debug_r|Win32
		{C989B254-B5DD-4357-A5B2-4F11AB4AEEA1}.Debug_sdk|Win32.ActiveCfg = Debug_sdk|Win32
		{C989B254-B5DD-4357-A5B2-4F11AB4AEEA1}.Debug_sdk|Win32.Build.0 = Debug_sdk|Win32
		{C989B254-B5DD-4357-A5B2-4F11AB4AEEA1}.Debug|Win32.ActiveCfg = Debug|Win32
		{C989B254-B5DD-4357-A5B2-4F11AB4AEEA1}.Debug|Win32.Build.0 = Debug|Win32
		{C989B254-B5DD-4357-A5B2-4F11AB4AEEA1}.No Trace|Win32.ActiveCfg = Release|Win32
		{C989B254-B5DD-4357-A5B2-4F11AB4AEEA1}.No Trace|Win32.Build.0 = Release|Win32
		{C989B254-B5DD-4357-A5B2-4F11AB4AEEA1}.Profile_FastCap|Win32.ActiveCfg = Release|Win32
		{C989B254-B5DD-4357-A5B2-4F11AB4AEEA1}.Profile_FastCap|Win32.Build.0 = Release|Win32
		{C989B254-B5DD-4357-A5B2-4F11AB4AEEA1}.Profile|Win32.ActiveCfg = Release|Win32
		{C989B254-B5DD-4357-A5B2-4F11AB4AEEA1}.Profile|Win32.Build.0 = Release|Win32
		{C989B254-B5DD-4357-A5B2-4F11AB4AEEA1}.Release_7z|Win32.ActiveCfg = Release|Win32
		{C989B254-B5DD-4357-A5B2-4F11AB4AEEA1}.Release_7z|Win32.Build.0 = Release|Win32
		{C989B254-B5DD-4357-A5B2-4F11AB4AEEA1}.Release_DLL|Win32.ActiveCfg = Release|Win32
		{C989B254-B5DD-4357-A5B2-4F11AB4AEEA1}.Release_DLL|Win32.Build.0 = Release|Win32
		{C989B254-B5DD-4357-A5B2-4F11AB4AEEA1}.Release_Dynamic_SSE|Win32.ActiveCfg = Release|Win32
		{C989B254-B5DD-4357-A5B2-4F11AB4AEEA1}.Release_Dynamic_SSE|Win32.Build.0 = Release|Win32
		{C989B254-B5DD-4357-A5B2-4F11AB4AEEA1}.Release_LTCG|Win32.ActiveCfg = Release|Win32
		{C989B254-B5DD-4357-A5B2-4F11AB4AEEA1}.Release_LTCG|Win32.Build.0 = Release|Win32
		{C989B254-B5DD-4357-A5B2-4F11AB4AEEA1}.Release_Static_SSE|Win32.ActiveCfg = Release|Win32
		{C989B254-B5DD-4357-A5B2-4F11AB4AEEA1}.Release_Static_SSE|Win32.Build.0 = Release|Win32
		{C989B254-B5DD-4357-A5B2-4F11AB4AEEA1}.Release|Win32.ActiveCfg = Release|Win32
		{C989B254-B5DD-4357-A5B2-4F11AB4AEEA1}.Release|Win32.Build.0 = Release|Win32
		{C989B254-B5DD-4357-A5B2-4F11AB4AEEA1}.Template|Win32.ActiveCfg = Release|Win32
		{C989B254-B5DD-4357-A5B2-4F11AB4AEEA1}.Template|Win32.Build.0 = Release|Win32
		{C989B254-B5DD-4357-A5B2-4F11AB4AEEA1}.Trace|Win32.ActiveCfg = Release|Win32
		{C989B254-B5DD-4357-A5B2-4F11AB4AEEA1}.Trace|Win32.Build.0 = Release|Win32
		{8623B63C-CF03-4C44-BB10-1E6A0CB4EC4E}.Debug_DLL|Win32.ActiveCfg = Debug_sdk|Win32
		{8623B63C-CF03-4C44-BB10-1E6A0CB4EC4E}.Debug_DLL|Win32.Build.0 = Debug_sdk|Win32
		{8623B63C-CF03-4C44-BB10-1E6A0CB4EC4E}.Debug_pop|Win32.ActiveCfg = Debug_pop|Win32
		{8623B63C-CF03-4C44-BB10-1E6A0CB4EC4E}.debug_r|Win32.ActiveCfg = Debug_sdk|Win32
		{8623B63C-CF03-4C44-BB10-1E6A0CB4EC4E}.debug_r|Win32.Build.0 = Debug_sdk|Win32
		{8623B63C-CF03-4C44-BB10-1E6A0CB4EC4E}.Debug_sdk|Win32.ActiveCfg = Debug_sdk|Win32
		{8623B63C-CF03-4C44-BB10-1E6A0CB4EC4E}.Debug_sdk|Win32.Build.0 = Debug_sdk|Win32
		{8623B63C-CF03-4C44-BB10-1E6A0CB4EC4E}.Debug|Win32.ActiveCfg = Debug|Win32
		{8623B63C-CF03-4C44-BB10-1E6A0CB4EC4E}.Debug|Win32.Build.0 = Debug|Win32
		{8623B63C-CF03-4C44-BB10-1E6A0CB4EC4E}.No Trace|Win32.ActiveCfg = Release|Win32
		{8623B63C-CF03-4C44-BB10-1E6A0CB4EC4E}.No Trace|Win32.Build.0 = Release|Win32
		{8623B63C-CF03-4C44-BB10-1E6A0CB4EC4E}.Profile_FastCap|Win32.ActiveCfg = Release|Win32
		{8623B63C-CF03-4C44-BB10-1E6A0CB4EC4E}.Profile_FastCap|Win32.Build.0 = Release|Win32
		{8623B63C-CF03-4C44-BB10-1E6A0CB4EC4E}.Profile|Win32.ActiveCfg = Release|Win32
		{8623B63C-CF03-4C44-BB10-1E6A0CB4EC4E}.Profile|Win32.Build.0 = Release|Win32
		{8623B63C-CF03-4C44-BB10-1E6A0CB4EC4E}.Release_7z|Win32.ActiveCfg = Release|Win32
		{8623B63C-CF03-4C44-BB10-1E6A0CB4EC4E}.Release_7z|Win32.Build.0 = Release|Win32
		{8623B63C-CF03-4C44-BB10-1E6A0CB4EC4E}.Release_DLL|Win32.ActiveCfg = Release|Win32
		{8623B63C-CF03-4C44-BB10-1E6A0CB4EC4E}.Release_DLL|Win32.Build.0 = Release|Win32
		{8623B63C-CF03-4C44-BB10-1E6A0CB4EC4E}.Release_Dynamic_SSE|Win32.ActiveCfg = Release|Win32
		{8623B63C-CF03-4C44-BB10-1E6A0CB4EC4E}.Release_Dynamic_SSE|Win32.Build.0 = Release|Win32
		{8623B63C-CF03-4C44-BB10-1E6A0CB4EC4E}.Release_LTCG|Win32.ActiveCfg = Release|Win32
		{8623B63C-CF03-4C44-BB10-1E6A0CB4EC4E}.Release_LTCG|Win32.Build.0 = Release|Win32
		{8623B63C-CF03-4C44-BB10-1E6A0CB4EC4E}.Release_Static_SSE|Win32.ActiveCfg = Release|Win32
		{8623B63C-CF03-4C44-BB10-1E6A0CB4EC4E}.Release_Static_SSE|Win32.Build.0 = Release|Win32
		{8623B63C-CF03-4C44-BB10-1E6A0CB4EC4E}.Release|Win32.ActiveCfg = Release|Win32
		{8623B63C-CF03-4C44-BB10-1E6A0CB4EC4E}.Release|Win32.Build.0 = Release|Win32
		{8623B63C-CF03-4C44-BB10-1E6A0CB4EC4E}.Template|Win32.ActiveCfg = Template|Win32
		{8623B63C-CF03-4C44-BB10-1E6A0CB4EC4E}.Template|Win32.Build.0 = Template|Win32
		{8623B63C-CF03-4C44-BB10-1E6A0CB4EC4E}.Trace|Win32.ActiveCfg = Release|Win32
		{8623B63C-CF03-4C44-BB10-1E6A0CB4EC4E}.Trace|Win32.Build.0 = Release|Win32
		{06E5025D-53D7-4B39-8D4C-D06E39A3023A}.Debug_DLL|Win32.ActiveCfg = Debug_DLL|Win32
		{06E5025D-53D7-4B39-8D4C-D06E39A3023A}.Debug_DLL|Win32.Build.0 = Debug_DLL|Win32
		{06E5025D-53D7-4B39-8D4C-D06E39A3023A}.Debug_pop|Win32.ActiveCfg = Debug_DLL|Win32
		{06E5025D-53D7-4B39-8D4C-D06E39A3023A}.Debug_pop|Win32.Build.0 = Debug_DLL|Win32
		{06E5025D-53D7-4B39-8D4C-D06E39A3023A}.debug_r|Win32.ActiveCfg = Debug_DLL|Win32
		{06E5025D-53D7-4B39-8D4C-D06E39A3023A}.debug_r|Win32.Build.0 = Debug_DLL|Win32
		{06E5025D-53D7-4B39-8D4C-D06E39A3023A}.Debug_sdk|Win32.ActiveCfg = Debug_DLL|Win32
		{06E5025D-53D7-4B39-8D4C-D06E39A3023A}.Debug_sdk|Win32.Build.0 = Debug_DLL|Win32
		{06E5025D-53D7-4B39-8D4C-D06E39A3023A}.Debug|Win32.ActiveCfg = Debug|Win32
		{06E5025D-53D7-4B39-8D4C-D06E39A3023A}.Debug|Win32.Build.0 = Debug|Win32
		{06E5025D-53D7-4B39-8D4C-D06E39A3023A}.No Trace|Win32.ActiveCfg = Release_7z|Win32
		{06E5025D-53D7-4B39-8D4C-D06E39A3023A}.No Trace|Win32.Build.0 = Release_7z|Win32
		{06E5025D-53D7-4B39-8D4C-D06E39A3023A}.Profile_FastCap|Win32.ActiveCfg = Release_7z|Win32
		{06E5025D-53D7-4B39-8D4C-D06E39A3023A}.Profile_FastCap|Win32.Build.0 = Release_7z|Win32
		{06E5025D-53D7-4B39-8D4C-D06E39A3023A}.Profile|Win32.ActiveCfg = Release_7z|Win32
		{06E5025D-53D7-4B39-8D4C-D06E39A3023A}.Profile|Win32.Build.0 = Release_7z|Win32
		{06E5025D-53D7-4B39-8D4C-D06E39A3023A}.Release_7z|Win32.ActiveCfg = Release_7z|Win32
		{06E5025D-53D7-4B39-8D4C-D06E39A3023A}.Release_7z|Win32.Build.0 = Release_7z|Win32
		{06E5025D-53D7-4B39-8D4C-D06E39A3023A}.Release_DLL|Win32.ActiveCfg = Release_DLL|Win32
		{06E5025D-53D7-4B39-8D4C-D06E39A3023A}.Release_DLL|Win32.Build.0 = Release_DLL|Win32
		{06E5025D-53D7-4B39-8D4C-D06E39A3023A}.Release_Dynamic_SSE|Win32.ActiveCfg = Release_DLL|Win32
		{06E5025D-53D7-4B39-8D4C-D06E39A3023A}.Release_Dynamic_SSE|Win32.Build.0 = Release_DLL|Win32
		{06E5025D-53D7-4B39-8D4C-D06E39A3023A}.Release_LTCG|Win32.ActiveCfg = Release_7z|Win32
		{06E5025D-53D7-4B39-8D4C-D06E39A3023A}.Release_LTCG|Win32.Build.0 = Release_7z|Win32
		{06E5025D-53D7-4B39-8D4C-D06E39A3023A}.Release_Static_SSE|Win32.ActiveCfg = Release_7z|Win32
		{06E5025D-53D7-4B39-8D4C-D06E39A3023A}.Release_Static_SSE|Win32.Build.0 = Release_7z|Win32
		{06E5025D-53D7-4B39-8D4C-D06E39A3023A}.Release|Win32.ActiveCfg = Release|Win32
		{06E5025D-53D7-4B39-8D4C-D06E39A3023A}.Release|Win32.Build.0 = Release|Win32
		{06E5025D-53D7-4B39-8D4C-D06E39A3023A}.Template|Win32.ActiveCfg = Release|Win32
		{06E5025D-53D7-4B39-8D4C-D06E39A3023A}.Template|Win32.Build.0 = Release|Win32
		{06E5025D-53D7-4B39-8D4C-D06E39A3023A}.Trace|Win32.ActiveCfg = Release_7z|Win32
		{06E5025D-53D7-4B39-8D4C-D06E39A3023A}.Trace|Win32.Build.0 = Release_7z|Win32
		{0C3AF508-06FF-47EF-BE5A-F72F41759246}.Debug_DLL|Win32.ActiveCfg = Debug_sdk|Win32
		{0C3AF508-06FF-47EF-BE5A-F72F41759246}.Debug_DLL|Win32.Build.0 = Debug_sdk|Win32
		{0C3AF508-06FF-47EF-BE5A-F72F41759246}.Debug_pop|Win32.ActiveCfg = Debug_pop|Win32
		{0C3AF508-06FF-47EF-BE5A-F72F41759246}.Debug_pop|Win32.Build.0 = Debug_pop|Win32
		{0C3AF508-06FF-47EF-BE5A-F72F41759246}.debug_r|Win32.ActiveCfg = Debug_sdk|Win32
		{0C3AF508-06FF-47EF-BE5A-F72F41759246}.debug_r|Win32.Build.0 = Debug_sdk|Win32
		{0C3AF508-06FF-47EF-BE5A-F72F41759246}.Debug_sdk|Win32.ActiveCfg = Debug_sdk|Win32
		{0C3AF508-06FF-47EF-BE5A-F72F41759246}.Debug_sdk|Win32.Build.0 = Debug_sdk|Win32
		{0C3AF508-06FF-47EF-BE5A-F72F41759246}.Debug|Win32.ActiveCfg = Debug|Win32
		{0C3AF508-06FF-47EF-BE5A-F72F41759246}.Debug|Win32.Build.0 = Debug|Win32
		{0C3AF508-06FF-47EF-BE5A-F72F41759246}.No Trace|Win32.ActiveCfg = No Trace|Win32
		{0C3AF508-06FF-47EF-BE5A-F72F41759246}.No Trace|Win32.Build.0 = No Trace|Win32
		{0C3AF508-06FF-47EF-BE5A-F72F41759246}.Profile_FastCap|Win32.ActiveCfg = Debug_sdk|Win32
		{0C3AF508-06FF-47EF-BE5A-F72F41759246}.Profile_FastCap|Win32.Build.0 = Debug_sdk|Win32
		{0C3AF508-06FF-47EF-BE5A-F72F41759246}.Profile|Win32.ActiveCfg = Debug_sdk|Win32
		{0C3AF508-06FF-47EF-BE5A-F72F41759246}.Profile|Win32.Build.0 = Debug_sdk|Win32
		{0C3AF508-06FF-47EF-BE5A-F72F41759246}.Release_7z|Win32.ActiveCfg = Release|Win32
		{0C3AF508-06FF-47EF-BE5A-F72F41759246}.Release_7z|Win32.Build.0 = Release|Win32
		{0C3AF508-06FF-47EF-BE5A-F72F41759246}.Release_DLL|Win32.ActiveCfg = Release|Win32
		{0C3AF508-06FF-47EF-BE5A-F72F41759246}.Release_DLL|Win32.Build.0 = Release|Win32
		{0C3AF508-06FF-47EF-BE5A-F72F41759246}.Release_Dynamic_SSE|Win32.ActiveCfg = Release|Win32
		{0C3AF508-06FF-47EF-BE5A-F72F41759246}.Release_Dynamic_SSE|Win32.Build.0 = Release|Win32
		{0C3AF508-06FF-47EF-BE5A-F72F41759246}.Release_LTCG|Win32.ActiveCfg = Release|Win32
		{0C3AF508-06FF-47EF-BE5A-F72F41759246}.Release_LTCG|Win32.Build.0 = Release|Win32
		{0C3AF508-06FF-47EF-BE5A-F72F41759246}.Release_Static_SSE|Win32.ActiveCfg = Release|Win32
		{0C3AF508-06FF-47EF-BE5A-F72F41759246}.Release_Static_SSE|Win32.Build.0 = Release|Win32
		{0C3AF508-06FF-47EF-BE5A-F72F41759246}.Release|Win32.ActiveCfg = Release|Win32
		{0C3AF508-06FF-47EF-BE5A-F72F41759246}.Release|Win32.Build.0 = Release|Win32
		{0C3AF508-06FF-47EF-BE5A-F72F41759246}.Template|Win32.ActiveCfg = Release|Win32
		{0C3AF508-06FF-47EF-BE5A-F72F41759246}.Template|Win32.Build.0 = Release|Win32
		{0C3AF508-06FF-47EF-BE5A-F72F41759246}.Trace|Win32.ActiveCfg = No Trace|Win32
		{0C3AF508-06FF-47EF-BE5A-F72F41759246}.Trace|Win32.Build.0 = No Trace|Win32
		{E61B4DFB-0CAB-46DD-BB02-1AFFD61DB7F5}.Debug_DLL|Win32.ActiveCfg = Debug_sdk|Win32
		{E61B4DFB-0CAB-46DD-BB02-1AFFD61DB7F5}.Debug_DLL|Win32.Build.0 = Debug_sdk|Win32
		{E61B4DFB-0CAB-46DD-BB02-1AFFD61DB7F5}.Debug_pop|Win32.ActiveCfg = Debug_pop|Win32
		{E61B4DFB-0CAB-46DD-BB02-1AFFD61DB7F5}.Debug_pop|Win32.Build.0 = Debug_pop|Win32
		{E61B4DFB-0CAB-46DD-BB02-1AFFD61DB7F5}.debug_r|Win32.ActiveCfg = Debug_sdk|Win32
		{E61B4DFB-0CAB-46DD-BB02-1AFFD61DB7F5}.debug_r|Win32.Build.0 = Debug_sdk|Win32
		{E61B4DFB-0CAB-46DD-BB02-1AFFD61DB7F5}.Debug_sdk|Win32.ActiveCfg = Debug_sdk|Win32
		{E61B4DFB-0CAB-46DD-BB02-1AFFD61DB7F5}.Debug_sdk|Win32.Build.0 = Debug_sdk|Win32
		{E61B4DFB-0CAB-46DD-BB02-1AFFD61DB7F5}.Debug|Win32.ActiveCfg = Debug|Win32
		{E61B4DFB-0CAB-46DD-BB02-1AFFD61DB7F5}.Debug|Win32.Build.0 = Debug|Win32
		{E61B4DFB-0CAB-46DD-BB02-1AFFD61DB7F5}.No Trace|Win32.ActiveCfg = No Trace|Win32
		{E61B4DFB-0CAB-46DD-BB02-1AFFD61DB7F5}.No Trace|Win32.Build.0 = No Trace|Win32
		{E61B4DFB-0CAB-46DD-BB02-1AFFD61DB7F5}.Profile_FastCap|Win32.ActiveCfg = Debug_sdk|Win32
		{E61B4DFB-0CAB-46DD-BB02-1AFFD61DB7F5}.Profile_FastCap|Win32.Build.0 = Debug_sdk|Win32
		{E61B4DFB-0CAB-46DD-BB02-1AFFD61DB7F5}.Profile|Win32.ActiveCfg = Debug_sdk|Win32
		{E61B4DFB-0CAB-46DD-BB02-1AFFD61DB7F5}.Profile|Win32.Build.0 = Debug_sdk|Win32
		{E61B4DFB-0CAB-46DD-BB02-1AFFD61DB7F5}.Release_7z|Win32.ActiveCfg = Release|Win32
		{E61B4DFB-0CAB-46DD-BB02-1AFFD61DB7F5}.Release_7z|Win32.Build.0 = Release|Win32
		{E61B4DFB-0CAB-46DD-BB02-1AFFD61DB7F5}.Release_DLL|Win32.ActiveCfg = Release|Win32
		{E61B4DFB-0CAB-46DD-BB02-1AFFD61DB7F5}.Release_DLL|Win32.Build.0 = Release|Win32
		{E61B4DFB-0CAB-46DD-BB02-1AFFD61DB7F5}.Release_Dynamic_SSE|Win32.ActiveCfg = Release|Win32
		{E61B4DFB-0CAB-46DD-BB02-1AFFD61DB7F5}.Release_Dynamic_SSE|Win32.Build.0 = Release|Win32
		{E61B4DFB-0CAB-46DD-BB02-1AFFD61DB7F5}.Release_LTCG|Win32.ActiveCfg = Release|Win32
		{E61B4DFB-0CAB-46DD-BB02-1AFFD61DB7F5}.Release_LTCG|Win32.Build.0 = Release|Win32
		{E61B4DFB-0CAB-46DD-BB02-1AFFD61DB7F5}.Release_Static_SSE|Win32.ActiveCfg = Release|Win32
		{E61B4DFB-0CAB-46DD-BB02-1AFFD61DB7F5}.Release_Static_SSE|Win32.Build.0 = Release|Win32
		{E61B4DFB-0CAB-46DD-BB02-1AFFD61DB7F5}.Release|Win32.ActiveCfg = Release|Win32
		{E61B4DFB-0CAB-46DD-BB02-1AFFD61DB7F5}.Release|Win32.Build.0 = Release|Win32
		{E61B4DFB-0CAB-46DD-BB02-1AFFD61DB7F5}.Template|Win32.ActiveCfg = Release|Win32
		{E61B4DFB-0CAB-46DD-BB02-1AFFD61DB7F5}.Template|Win32.Build.0 = Release|Win32
		{E61B4DFB-0CAB-46DD-BB02-1AFFD61DB7F5}.Trace|Win32.ActiveCfg = No Trace|Win32
		{E61B4DFB-0CAB-46DD-BB02-1AFFD61DB7F5}.Trace|Win32.Build.0 = No Trace|Win32
		{D84D100A-7C21-4CCB-B16E-0FB37137C16C}.Debug_DLL|Win32.ActiveCfg = Debug_sdk|Win32
		{D84D100A-7C21-4CCB-B16E-0FB37137C16C}.Debug_DLL|Win32.Build.0 = Debug_sdk|Win32
		{D84D100A-7C21-4CCB-B16E-0FB37137C16C}.Debug_pop|Win32.ActiveCfg = Debug_sdk|Win32
		{D84D100A-7C21-4CCB-B16E-0FB37137C16C}.Debug_pop|Win32.Build.0 = Debug_sdk|Win32
		{D84D100A-7C21-4CCB-B16E-0FB37137C16C}.debug_r|Win32.ActiveCfg = Debug_sdk|Win32
		{D84D100A-7C21-4CCB-B16E-0FB37137C16C}.debug_r|Win32.Build.0 = Debug_sdk|Win32
		{D84D100A-7C21-4CCB-B16E-0FB37137C16C}.Debug_sdk|Win32.ActiveCfg = Debug_sdk|Win32
		{D84D100A-7C21-4CCB-B16E-0FB37137C16C}.Debug_sdk|Win32.Build.0 = Debug_sdk|Win32
		{D84D100A-7C21-4CCB-B16E-0FB37137C16C}.Debug|Win32.ActiveCfg = Debug|Win32
		{D84D100A-7C21-4CCB-B16E-0FB37137C16C}.Debug|Win32.Build.0 = Debug|Win32
		{D84D100A-7C21-4CCB-B16E-0FB37137C16C}.No Trace|Win32.ActiveCfg = Debug_sdk|Win32
		{D84D100A-7C21-4CCB-B16E-0FB37137C16C}.No Trace|Win32.Build.0 = Debug_sdk|Win32
		{D84D100A-7C21-4CCB-B16E-0FB37137C16C}.Profile_FastCap|Win32.ActiveCfg = Debug_sdk|Win32
		{D84D100A-7C21-4CCB-B16E-0FB37137C16C}.Profile_FastCap|Win32.Build.0 = Debug_sdk|Win32
		{D84D100A-7C21-4CCB-B16E-0FB37137C16C}.Profile|Win32.ActiveCfg = Debug_sdk|Win32
		{D84D100A-7C21-4CCB-B16E-0FB37137C16C}.Profile|Win32.Build.0 = Debug_sdk|Win32
		{D84D100A-7C21-4CCB-B16E-0FB37137C16C}.Release_7z|Win32.ActiveCfg = Release|Win32
		{D84D100A-7C21-4CCB-B16E-0FB37137C16C}.Release_7z|Win32.Build.0 = Release|Win32
		{D84D100A-7C21-4CCB-B16E-0FB37137C16C}.Release_DLL|Win32.ActiveCfg = Release|Win32
		{D84D100A-7C21-4CCB-B16E-0FB37137C16C}.Release_DLL|Win32.Build.0 = Release|Win32
		{D84D100A-7C21-4CCB-B16E-0FB37137C16C}.Release_Dynamic_SSE|Win32.ActiveCfg = Release|Win32
		{D84D100A-7C21-4CCB-B16E-0FB37137C16C}.Release_Dynamic_SSE|Win32.Build.0 = Release|Win32
		{D84D100A-7C21-4CCB-B16E-0FB37137C16C}.Release_LTCG|Win32.ActiveCfg = Release|Win32
		{D84D100A-7C21-4CCB-B16E-0FB37137C16C}.Release_LTCG|Win32.Build.0 = Release|Win32
		{D84D100A-7C21-4CCB-B16E-0FB37137C16C}.Release_Static_SSE|Win32.ActiveCfg = Release|Win32
		{D84D100A-7C21-4CCB-B16E-0FB37137C16C}.Release_Static_SSE|Win32.Build.0 = Release|Win32
		{D84D100A-7C21-4CCB-B16E-0FB37137C16C}.Release|Win32.ActiveCfg = Release|Win32
		{D84D100A-7C21-4CCB-B16E-0FB37137C16C}.Release|Win32.Build.0 = Release|Win32
		{D84D100A-7C21-4CCB-B16E-0FB37137C16C}.Template|Win32.ActiveCfg = Release|Win32
		{D84D100A-7C21-4CCB-B16E-0FB37137C16C}.Template|Win32.Build.0 = Release|Win32
		{D84D100A-7C21-4CCB-B16E-0FB37137C16C}.Trace|Win32.ActiveCfg = Debug_sdk|Win32
		{D84D100A-7C21-4CCB-B16E-0FB37137C16C}.Trace|Win32.Build.0 = Debug_sdk|Win32
		{36207614-245A-466F-866B-917C5BA9DAEE}.Debug_DLL|Win32.ActiveCfg = Debug_sdk|Win32
		{36207614-245A-466F-866B-917C5BA9DAEE}.Debug_DLL|Win32.Build.0 = Debug_sdk|Win32
		{36207614-245A-466F-866B-917C5BA9DAEE}.Debug_pop|Win32.ActiveCfg = Debug_pop|Win32
		{36207614-245A-466F-866B-917C5BA9DAEE}.Debug_pop|Win32.Build.0 = Debug_pop|Win32
		{36207614-245A-466F-866B-917C5BA9DAEE}.debug_r|Win32.ActiveCfg = Debug_sdk|Win32
		{36207614-245A-466F-866B-917C5BA9DAEE}.debug_r|Win32.Build.0 = Debug_sdk|Win32
		{36207614-245A-466F-866B-917C5BA9DAEE}.Debug_sdk|Win32.ActiveCfg = Debug_sdk|Win32
		{36207614-245A-466F-866B-917C5BA9DAEE}.Debug_sdk|Win32.Build.0 = Debug_sdk|Win32
		{36207614-245A-466F-866B-917C5BA9DAEE}.Debug|Win32.ActiveCfg = Debug|Win32
		{36207614-245A-466F-866B-917C5BA9DAEE}.Debug|Win32.Build.0 = Debug|Win32
		{36207614-245A-466F-866B-917C5BA9DAEE}.No Trace|Win32.ActiveCfg = No Trace|Win32
		{36207614-245A-466F-866B-917C5BA9DAEE}.No Trace|Win32.Build.0 = No Trace|Win32
		{36207614-245A-466F-866B-917C5BA9DAEE}.Profile_FastCap|Win32.ActiveCfg = Debug_sdk|Win32
		{36207614-245A-466F-866B-917C5BA9DAEE}.Profile_FastCap|Win32.Build.0 = Debug_sdk|Win32
		{36207614-245A-466F-866B-917C5BA9DAEE}.Profile|Win32.ActiveCfg = Debug_sdk|Win32
		{36207614-245A-466F-866B-917C5BA9DAEE}.Profile|Win32.Build.0 = Debug_sdk|Win32
		{36207614-245A-466F-866B-917C5BA9DAEE}.Release_7z|Win32.ActiveCfg = Release|Win32
		{36207614-245A-466F-866B-917C5BA9DAEE}.Release_7z|Win32.Build.0 = Release|Win32
		{36207614-245A-466F-866B-917C5BA9DAEE}.Release_DLL|Win32.ActiveCfg = Release|Win32
		{36207614-245A-466F-866B-917C5BA9DAEE}.Release_DLL|Win32.Build.0 = Release|Win32
		{36207614-245A-466F-866B-917C5BA9DAEE}.Release_Dynamic_SSE|Win32.ActiveCfg = Release|Win32
		{36207614-245A-466F-866B-917C5BA9DAEE}.Release_Dynamic_SSE|Win32.Build.0 = Release|Win32
		{36207614-245A-466F-866B-917C5BA9DAEE}.Release_LTCG|Win32.ActiveCfg = Release|Win32
		{36207614-245A-466F-866B-917C5BA9DAEE}.Release_LTCG|Win32.Build.0 = Release|Win32
		{36207614-245A-466F-866B-917C5BA9DAEE}.Release_Static_SSE|Win32.ActiveCfg = Release|Win32
		{36207614-245A-466F-866B-917C5BA9DAEE}.Release_Static_SSE|Win32.Build.0 = Release|Win32
		{36207614-245A-466F-866B-917C5BA9DAEE}.Release|Win32.ActiveCfg = Release|Win32
		{36207614-245A-466F-866B-917C5BA9DAEE}.Release|Win32.Build.0 = Release|Win32
		{36207614-245A-466F-866B-917C5BA9DAEE}.Template|Win32.ActiveCfg = Trace|Win32
		{36207614-245A-466F-866B-917C5BA9DAEE}.Template|Win32.Build.0 = Trace|Win32
		{36207614-245A-466F-866B-917C5BA9DAEE}.Trace|Win32.ActiveCfg = Trace|Win32
		{36207614-245A-466F-866B-917C5BA9DAEE}.Trace|Win32.Build.0 = Trace|Win32
	EndGlobalSection
	GlobalSection(SolutionProperties) = preSolution
		HideSolutionNode = FALSE
	EndGlobalSection
EndGlobal
